
Microsoft Visual Studio Solution File, Format Version 12.00
# Visual Studio 15
VisualStudioVersion = 15.0.28307.421
MinimumVisualStudioVersion = 10.0.40219.1
Project("{8BC9CEB8-8B4A-11D0-8D11-00A0C91BC942}") = "test", "PAT\PAT.vcxproj", "{CAC2B55B-A2C5-4178-BD0F-A2EA2A4AFBE7}"
EndProject
Project("{2150E333-8FDC-42A3-9474-1A3956D46DE8}") = "甲级", "甲级", "{81E9F15E-1FBC-4202-83F4-65F809D1A05C}"
EndProject
Project("{8BC9CEB8-8B4A-11D0-8D11-00A0C91BC942}") = "1003 Emergency", "1003 Emergency\1003 Emergency.vcxproj", "{756FB5DD-006C-4560-B743-01996C2F8B8B}"
EndProject
Project("{8BC9CEB8-8B4A-11D0-8D11-00A0C91BC942}") = "1030 Travel Plan", "1030 Travel Plan\1030 Travel Plan.vcxproj", "{9D421D9B-9022-49FC-BDAA-F49AD8A515B1}"
EndProject
Project("{8BC9CEB8-8B4A-11D0-8D11-00A0C91BC942}") = "1013 Battle Over Cities", "1013 Battle Over Cities\1013 Battle Over Cities.vcxproj", "{DE538D2F-F39A-417B-8794-74D339821AD4}"
EndProject
Project("{8BC9CEB8-8B4A-11D0-8D11-00A0C91BC942}") = "1021 Deepest Root", "1021 Deepest Root\1021 Deepest Root.vcxproj", "{E13B2553-B7B5-41B9-8F11-FD5A037BD6F0}"
EndProject
Project("{8BC9CEB8-8B4A-11D0-8D11-00A0C91BC942}") = "1034 Head of a Gang", "Project1\Project1.vcxproj", "{EF970175-7B31-40F2-982A-4F24F59DAF3D}"
EndProject
Project("{8BC9CEB8-8B4A-11D0-8D11-00A0C91BC942}") = "1076 Forwards on Weibo", "1076 Forwards on Weibo\1076 Forwards on Weibo.vcxproj", "{085EAB63-6C0B-4E63-9C84-8CE4549AF28C}"
EndProject
Project("{8BC9CEB8-8B4A-11D0-8D11-00A0C91BC942}") = "1018 Public Bike Management", "1018 Public Bike Management\1018 Public Bike Management.vcxproj", "{F72F5214-CA00-457A-A252-117F8FC1D014}"
EndProject
Project("{8BC9CEB8-8B4A-11D0-8D11-00A0C91BC942}") = "1072 Gas Station", "1072 Gas Station\1072 Gas Station.vcxproj", "{3689D520-0B46-48F0-9594-806B0F6C50C4}"
EndProject
Project("{8BC9CEB8-8B4A-11D0-8D11-00A0C91BC942}") = "1087 All Roads Lead to Rome", "1087 All Roads Lead to Rome\1087 All Roads Lead to Rome.vcxproj", "{A41A7188-2AE2-4B7A-B966-B561F71A807E}"
EndProject
Project("{8BC9CEB8-8B4A-11D0-8D11-00A0C91BC942}") = "亚历山大攻打恶魔大陆", "亚历山大攻打恶魔大陆\亚历山大攻打恶魔大陆.vcxproj", "{4A91FDB3-FAEE-4E18-95E4-E7247080249D}"
EndProject
Project("{8BC9CEB8-8B4A-11D0-8D11-00A0C91BC942}") = "1007 Maximum Subsequence Sum", "1007 Maximum Subsequence Sum\1007 Maximum Subsequence Sum.vcxproj", "{D91F71A9-FCF3-40A7-B168-2FCAFAF61C47}"
EndProject
Project("{8BC9CEB8-8B4A-11D0-8D11-00A0C91BC942}") = "1045 Favorite Color Stripe", "1045 Favorite Color Stripe\1045 Favorite Color Stripe.vcxproj", "{EDF73F4D-0B82-4874-820A-6960746B93D2}"
EndProject
Project("{8BC9CEB8-8B4A-11D0-8D11-00A0C91BC942}") = "输出所有出栈序列", "输出所有出栈序列\输出所有出栈序列.vcxproj", "{7E50F52A-03FD-4641-8FDB-13C5E0FDEB7A}"
EndProject
Project("{8BC9CEB8-8B4A-11D0-8D11-00A0C91BC942}") = "1051 Pop Sequence", "1051 Pop Sequence\1051 Pop Sequence.vcxproj", "{F1C4C48B-BDBD-4FD9-BE39-034170AC0795}"
EndProject
Project("{8BC9CEB8-8B4A-11D0-8D11-00A0C91BC942}") = "1040 Longest Symmetric String", "1040 Longest Symmetric String\1040 Longest Symmetric String.vcxproj", "{BD1F401B-B2C6-46FB-82A4-0637D8EBE472}"
EndProject
Project("{8BC9CEB8-8B4A-11D0-8D11-00A0C91BC942}") = "1068 Find More Coins", "1068 Find More Coins\1068 Find More Coins.vcxproj", "{1BD466E1-9DC0-4815-851A-DB3023519CA7}"
EndProject
Project("{8BC9CEB8-8B4A-11D0-8D11-00A0C91BC942}") = "数塔问题", "数塔问题\数塔问题.vcxproj", "{EDC13184-5F7F-4027-8633-D84F500E45E7}"
EndProject
Project("{8BC9CEB8-8B4A-11D0-8D11-00A0C91BC942}") = "最长公共子序列", "最长公共子序列\最长公共子序列.vcxproj", "{15F52E90-8EB7-44E8-AACF-C60EBE343C0E}"
EndProject
Project("{8BC9CEB8-8B4A-11D0-8D11-00A0C91BC942}") = "01 背包问题", "01 背包问题\01 背包问题.vcxproj", "{FD1DAA0E-4EB5-4036-8BE1-036093AB2003}"
EndProject
Project("{8BC9CEB8-8B4A-11D0-8D11-00A0C91BC942}") = "1057 Stack", "1057 Stack\1057 Stack.vcxproj", "{99ECC4C0-A120-476A-9394-AE6C51BFE103}"
EndProject
Project("{8BC9CEB8-8B4A-11D0-8D11-00A0C91BC942}") = "1105 Spiral Matrix", "1105 Spiral Matrix\1105 Spiral Matrix.vcxproj", "{2D19F484-8323-4B66-B4CA-1E306000FAFD}"
EndProject
Project("{8BC9CEB8-8B4A-11D0-8D11-00A0C91BC942}") = "1017 Queueing at Bank", "1017 Queueing at Bank\1017 Queueing at Bank.vcxproj", "{F542E6A4-81A8-4F4E-ABE0-0631B7BC6021}"
EndProject
Project("{8BC9CEB8-8B4A-11D0-8D11-00A0C91BC942}") = "1014 Waiting in Line", "1014 Waiting in Line\1014 Waiting in Line.vcxproj", "{BC12BC1E-D38D-4CBB-83FC-208946E1529D}"
EndProject
Global
	GlobalSection(SolutionConfigurationPlatforms) = preSolution
		Debug|x64 = Debug|x64
		Debug|x86 = Debug|x86
		Release|x64 = Release|x64
		Release|x86 = Release|x86
	EndGlobalSection
	GlobalSection(ProjectConfigurationPlatforms) = postSolution
		{CAC2B55B-A2C5-4178-BD0F-A2EA2A4AFBE7}.Debug|x64.ActiveCfg = Debug|x64
		{CAC2B55B-A2C5-4178-BD0F-A2EA2A4AFBE7}.Debug|x64.Build.0 = Debug|x64
		{CAC2B55B-A2C5-4178-BD0F-A2EA2A4AFBE7}.Debug|x86.ActiveCfg = Debug|Win32
		{CAC2B55B-A2C5-4178-BD0F-A2EA2A4AFBE7}.Debug|x86.Build.0 = Debug|Win32
		{CAC2B55B-A2C5-4178-BD0F-A2EA2A4AFBE7}.Release|x64.ActiveCfg = Release|x64
		{CAC2B55B-A2C5-4178-BD0F-A2EA2A4AFBE7}.Release|x64.Build.0 = Release|x64
		{CAC2B55B-A2C5-4178-BD0F-A2EA2A4AFBE7}.Release|x86.ActiveCfg = Release|Win32
		{CAC2B55B-A2C5-4178-BD0F-A2EA2A4AFBE7}.Release|x86.Build.0 = Release|Win32
		{756FB5DD-006C-4560-B743-01996C2F8B8B}.Debug|x64.ActiveCfg = Debug|x64
		{756FB5DD-006C-4560-B743-01996C2F8B8B}.Debug|x64.Build.0 = Debug|x64
		{756FB5DD-006C-4560-B743-01996C2F8B8B}.Debug|x86.ActiveCfg = Debug|Win32
		{756FB5DD-006C-4560-B743-01996C2F8B8B}.Debug|x86.Build.0 = Debug|Win32
		{756FB5DD-006C-4560-B743-01996C2F8B8B}.Release|x64.ActiveCfg = Release|x64
		{756FB5DD-006C-4560-B743-01996C2F8B8B}.Release|x64.Build.0 = Release|x64
		{756FB5DD-006C-4560-B743-01996C2F8B8B}.Release|x86.ActiveCfg = Release|Win32
		{756FB5DD-006C-4560-B743-01996C2F8B8B}.Release|x86.Build.0 = Release|Win32
		{9D421D9B-9022-49FC-BDAA-F49AD8A515B1}.Debug|x64.ActiveCfg = Debug|x64
		{9D421D9B-9022-49FC-BDAA-F49AD8A515B1}.Debug|x64.Build.0 = Debug|x64
		{9D421D9B-9022-49FC-BDAA-F49AD8A515B1}.Debug|x86.ActiveCfg = Debug|Win32
		{9D421D9B-9022-49FC-BDAA-F49AD8A515B1}.Debug|x86.Build.0 = Debug|Win32
		{9D421D9B-9022-49FC-BDAA-F49AD8A515B1}.Release|x64.ActiveCfg = Release|x64
		{9D421D9B-9022-49FC-BDAA-F49AD8A515B1}.Release|x64.Build.0 = Release|x64
		{9D421D9B-9022-49FC-BDAA-F49AD8A515B1}.Release|x86.ActiveCfg = Release|Win32
		{9D421D9B-9022-49FC-BDAA-F49AD8A515B1}.Release|x86.Build.0 = Release|Win32
		{DE538D2F-F39A-417B-8794-74D339821AD4}.Debug|x64.ActiveCfg = Debug|x64
		{DE538D2F-F39A-417B-8794-74D339821AD4}.Debug|x64.Build.0 = Debug|x64
		{DE538D2F-F39A-417B-8794-74D339821AD4}.Debug|x86.ActiveCfg = Debug|Win32
		{DE538D2F-F39A-417B-8794-74D339821AD4}.Debug|x86.Build.0 = Debug|Win32
		{DE538D2F-F39A-417B-8794-74D339821AD4}.Release|x64.ActiveCfg = Release|x64
		{DE538D2F-F39A-417B-8794-74D339821AD4}.Release|x64.Build.0 = Release|x64
		{DE538D2F-F39A-417B-8794-74D339821AD4}.Release|x86.ActiveCfg = Release|Win32
		{DE538D2F-F39A-417B-8794-74D339821AD4}.Release|x86.Build.0 = Release|Win32
		{E13B2553-B7B5-41B9-8F11-FD5A037BD6F0}.Debug|x64.ActiveCfg = Debug|x64
		{E13B2553-B7B5-41B9-8F11-FD5A037BD6F0}.Debug|x64.Build.0 = Debug|x64
		{E13B2553-B7B5-41B9-8F11-FD5A037BD6F0}.Debug|x86.ActiveCfg = Debug|Win32
		{E13B2553-B7B5-41B9-8F11-FD5A037BD6F0}.Debug|x86.Build.0 = Debug|Win32
		{E13B2553-B7B5-41B9-8F11-FD5A037BD6F0}.Release|x64.ActiveCfg = Release|x64
		{E13B2553-B7B5-41B9-8F11-FD5A037BD6F0}.Release|x64.Build.0 = Release|x64
		{E13B2553-B7B5-41B9-8F11-FD5A037BD6F0}.Release|x86.ActiveCfg = Release|Win32
		{E13B2553-B7B5-41B9-8F11-FD5A037BD6F0}.Release|x86.Build.0 = Release|Win32
		{EF970175-7B31-40F2-982A-4F24F59DAF3D}.Debug|x64.ActiveCfg = Debug|x64
		{EF970175-7B31-40F2-982A-4F24F59DAF3D}.Debug|x64.Build.0 = Debug|x64
		{EF970175-7B31-40F2-982A-4F24F59DAF3D}.Debug|x86.ActiveCfg = Debug|Win32
		{EF970175-7B31-40F2-982A-4F24F59DAF3D}.Debug|x86.Build.0 = Debug|Win32
		{EF970175-7B31-40F2-982A-4F24F59DAF3D}.Release|x64.ActiveCfg = Release|x64
		{EF970175-7B31-40F2-982A-4F24F59DAF3D}.Release|x64.Build.0 = Release|x64
		{EF970175-7B31-40F2-982A-4F24F59DAF3D}.Release|x86.ActiveCfg = Release|Win32
		{EF970175-7B31-40F2-982A-4F24F59DAF3D}.Release|x86.Build.0 = Release|Win32
		{085EAB63-6C0B-4E63-9C84-8CE4549AF28C}.Debug|x64.ActiveCfg = Debug|x64
		{085EAB63-6C0B-4E63-9C84-8CE4549AF28C}.Debug|x64.Build.0 = Debug|x64
		{085EAB63-6C0B-4E63-9C84-8CE4549AF28C}.Debug|x86.ActiveCfg = Debug|Win32
		{085EAB63-6C0B-4E63-9C84-8CE4549AF28C}.Debug|x86.Build.0 = Debug|Win32
		{085EAB63-6C0B-4E63-9C84-8CE4549AF28C}.Release|x64.ActiveCfg = Release|x64
		{085EAB63-6C0B-4E63-9C84-8CE4549AF28C}.Release|x64.Build.0 = Release|x64
		{085EAB63-6C0B-4E63-9C84-8CE4549AF28C}.Release|x86.ActiveCfg = Release|Win32
		{085EAB63-6C0B-4E63-9C84-8CE4549AF28C}.Release|x86.Build.0 = Release|Win32
		{F72F5214-CA00-457A-A252-117F8FC1D014}.Debug|x64.ActiveCfg = Debug|x64
		{F72F5214-CA00-457A-A252-117F8FC1D014}.Debug|x64.Build.0 = Debug|x64
		{F72F5214-CA00-457A-A252-117F8FC1D014}.Debug|x86.ActiveCfg = Debug|Win32
		{F72F5214-CA00-457A-A252-117F8FC1D014}.Debug|x86.Build.0 = Debug|Win32
		{F72F5214-CA00-457A-A252-117F8FC1D014}.Release|x64.ActiveCfg = Release|x64
		{F72F5214-CA00-457A-A252-117F8FC1D014}.Release|x64.Build.0 = Release|x64
		{F72F5214-CA00-457A-A252-117F8FC1D014}.Release|x86.ActiveCfg = Release|Win32
		{F72F5214-CA00-457A-A252-117F8FC1D014}.Release|x86.Build.0 = Release|Win32
		{3689D520-0B46-48F0-9594-806B0F6C50C4}.Debug|x64.ActiveCfg = Debug|x64
		{3689D520-0B46-48F0-9594-806B0F6C50C4}.Debug|x64.Build.0 = Debug|x64
		{3689D520-0B46-48F0-9594-806B0F6C50C4}.Debug|x86.ActiveCfg = Debug|Win32
		{3689D520-0B46-48F0-9594-806B0F6C50C4}.Debug|x86.Build.0 = Debug|Win32
		{3689D520-0B46-48F0-9594-806B0F6C50C4}.Release|x64.ActiveCfg = Release|x64
		{3689D520-0B46-48F0-9594-806B0F6C50C4}.Release|x64.Build.0 = Release|x64
		{3689D520-0B46-48F0-9594-806B0F6C50C4}.Release|x86.ActiveCfg = Release|Win32
		{3689D520-0B46-48F0-9594-806B0F6C50C4}.Release|x86.Build.0 = Release|Win32
		{A41A7188-2AE2-4B7A-B966-B561F71A807E}.Debug|x64.ActiveCfg = Debug|x64
		{A41A7188-2AE2-4B7A-B966-B561F71A807E}.Debug|x64.Build.0 = Debug|x64
		{A41A7188-2AE2-4B7A-B966-B561F71A807E}.Debug|x86.ActiveCfg = Debug|Win32
		{A41A7188-2AE2-4B7A-B966-B561F71A807E}.Debug|x86.Build.0 = Debug|Win32
		{A41A7188-2AE2-4B7A-B966-B561F71A807E}.Release|x64.ActiveCfg = Release|x64
		{A41A7188-2AE2-4B7A-B966-B561F71A807E}.Release|x64.Build.0 = Release|x64
		{A41A7188-2AE2-4B7A-B966-B561F71A807E}.Release|x86.ActiveCfg = Release|Win32
		{A41A7188-2AE2-4B7A-B966-B561F71A807E}.Release|x86.Build.0 = Release|Win32
		{4A91FDB3-FAEE-4E18-95E4-E7247080249D}.Debug|x64.ActiveCfg = Debug|x64
		{4A91FDB3-FAEE-4E18-95E4-E7247080249D}.Debug|x64.Build.0 = Debug|x64
		{4A91FDB3-FAEE-4E18-95E4-E7247080249D}.Debug|x86.ActiveCfg = Debug|Win32
		{4A91FDB3-FAEE-4E18-95E4-E7247080249D}.Debug|x86.Build.0 = Debug|Win32
		{4A91FDB3-FAEE-4E18-95E4-E7247080249D}.Release|x64.ActiveCfg = Release|x64
		{4A91FDB3-FAEE-4E18-95E4-E7247080249D}.Release|x64.Build.0 = Release|x64
		{4A91FDB3-FAEE-4E18-95E4-E7247080249D}.Release|x86.ActiveCfg = Release|Win32
		{4A91FDB3-FAEE-4E18-95E4-E7247080249D}.Release|x86.Build.0 = Release|Win32
		{D91F71A9-FCF3-40A7-B168-2FCAFAF61C47}.Debug|x64.ActiveCfg = Debug|x64
		{D91F71A9-FCF3-40A7-B168-2FCAFAF61C47}.Debug|x64.Build.0 = Debug|x64
		{D91F71A9-FCF3-40A7-B168-2FCAFAF61C47}.Debug|x86.ActiveCfg = Debug|Win32
		{D91F71A9-FCF3-40A7-B168-2FCAFAF61C47}.Debug|x86.Build.0 = Debug|Win32
		{D91F71A9-FCF3-40A7-B168-2FCAFAF61C47}.Release|x64.ActiveCfg = Release|x64
		{D91F71A9-FCF3-40A7-B168-2FCAFAF61C47}.Release|x64.Build.0 = Release|x64
		{D91F71A9-FCF3-40A7-B168-2FCAFAF61C47}.Release|x86.ActiveCfg = Release|Win32
		{D91F71A9-FCF3-40A7-B168-2FCAFAF61C47}.Release|x86.Build.0 = Release|Win32
		{EDF73F4D-0B82-4874-820A-6960746B93D2}.Debug|x64.ActiveCfg = Debug|x64
		{EDF73F4D-0B82-4874-820A-6960746B93D2}.Debug|x64.Build.0 = Debug|x64
		{EDF73F4D-0B82-4874-820A-6960746B93D2}.Debug|x86.ActiveCfg = Debug|Win32
		{EDF73F4D-0B82-4874-820A-6960746B93D2}.Debug|x86.Build.0 = Debug|Win32
		{EDF73F4D-0B82-4874-820A-6960746B93D2}.Release|x64.ActiveCfg = Release|x64
		{EDF73F4D-0B82-4874-820A-6960746B93D2}.Release|x64.Build.0 = Release|x64
		{EDF73F4D-0B82-4874-820A-6960746B93D2}.Release|x86.ActiveCfg = Release|Win32
		{EDF73F4D-0B82-4874-820A-6960746B93D2}.Release|x86.Build.0 = Release|Win32
		{7E50F52A-03FD-4641-8FDB-13C5E0FDEB7A}.Debug|x64.ActiveCfg = Debug|x64
		{7E50F52A-03FD-4641-8FDB-13C5E0FDEB7A}.Debug|x64.Build.0 = Debug|x64
		{7E50F52A-03FD-4641-8FDB-13C5E0FDEB7A}.Debug|x86.ActiveCfg = Debug|Win32
		{7E50F52A-03FD-4641-8FDB-13C5E0FDEB7A}.Debug|x86.Build.0 = Debug|Win32
		{7E50F52A-03FD-4641-8FDB-13C5E0FDEB7A}.Release|x64.ActiveCfg = Release|x64
		{7E50F52A-03FD-4641-8FDB-13C5E0FDEB7A}.Release|x64.Build.0 = Release|x64
		{7E50F52A-03FD-4641-8FDB-13C5E0FDEB7A}.Release|x86.ActiveCfg = Release|Win32
		{7E50F52A-03FD-4641-8FDB-13C5E0FDEB7A}.Release|x86.Build.0 = Release|Win32
		{F1C4C48B-BDBD-4FD9-BE39-034170AC0795}.Debug|x64.ActiveCfg = Debug|x64
		{F1C4C48B-BDBD-4FD9-BE39-034170AC0795}.Debug|x64.Build.0 = Debug|x64
		{F1C4C48B-BDBD-4FD9-BE39-034170AC0795}.Debug|x86.ActiveCfg = Debug|Win32
		{F1C4C48B-BDBD-4FD9-BE39-034170AC0795}.Debug|x86.Build.0 = Debug|Win32
		{F1C4C48B-BDBD-4FD9-BE39-034170AC0795}.Release|x64.ActiveCfg = Release|x64
		{F1C4C48B-BDBD-4FD9-BE39-034170AC0795}.Release|x64.Build.0 = Release|x64
		{F1C4C48B-BDBD-4FD9-BE39-034170AC0795}.Release|x86.ActiveCfg = Release|Win32
		{F1C4C48B-BDBD-4FD9-BE39-034170AC0795}.Release|x86.Build.0 = Release|Win32
		{BD1F401B-B2C6-46FB-82A4-0637D8EBE472}.Debug|x64.ActiveCfg = Debug|x64
		{BD1F401B-B2C6-46FB-82A4-0637D8EBE472}.Debug|x64.Build.0 = Debug|x64
		{BD1F401B-B2C6-46FB-82A4-0637D8EBE472}.Debug|x86.ActiveCfg = Debug|Win32
		{BD1F401B-B2C6-46FB-82A4-0637D8EBE472}.Debug|x86.Build.0 = Debug|Win32
		{BD1F401B-B2C6-46FB-82A4-0637D8EBE472}.Release|x64.ActiveCfg = Release|x64
		{BD1F401B-B2C6-46FB-82A4-0637D8EBE472}.Release|x64.Build.0 = Release|x64
		{BD1F401B-B2C6-46FB-82A4-0637D8EBE472}.Release|x86.ActiveCfg = Release|Win32
		{BD1F401B-B2C6-46FB-82A4-0637D8EBE472}.Release|x86.Build.0 = Release|Win32
		{1BD466E1-9DC0-4815-851A-DB3023519CA7}.Debug|x64.ActiveCfg = Debug|x64
		{1BD466E1-9DC0-4815-851A-DB3023519CA7}.Debug|x64.Build.0 = Debug|x64
		{1BD466E1-9DC0-4815-851A-DB3023519CA7}.Debug|x86.ActiveCfg = Debug|Win32
		{1BD466E1-9DC0-4815-851A-DB3023519CA7}.Debug|x86.Build.0 = Debug|Win32
		{1BD466E1-9DC0-4815-851A-DB3023519CA7}.Release|x64.ActiveCfg = Release|x64
		{1BD466E1-9DC0-4815-851A-DB3023519CA7}.Release|x64.Build.0 = Release|x64
		{1BD466E1-9DC0-4815-851A-DB3023519CA7}.Release|x86.ActiveCfg = Release|Win32
		{1BD466E1-9DC0-4815-851A-DB3023519CA7}.Release|x86.Build.0 = Release|Win32
		{EDC13184-5F7F-4027-8633-D84F500E45E7}.Debug|x64.ActiveCfg = Debug|x64
		{EDC13184-5F7F-4027-8633-D84F500E45E7}.Debug|x64.Build.0 = Debug|x64
		{EDC13184-5F7F-4027-8633-D84F500E45E7}.Debug|x86.ActiveCfg = Debug|Win32
		{EDC13184-5F7F-4027-8633-D84F500E45E7}.Debug|x86.Build.0 = Debug|Win32
		{EDC13184-5F7F-4027-8633-D84F500E45E7}.Release|x64.ActiveCfg = Release|x64
		{EDC13184-5F7F-4027-8633-D84F500E45E7}.Release|x64.Build.0 = Release|x64
		{EDC13184-5F7F-4027-8633-D84F500E45E7}.Release|x86.ActiveCfg = Release|Win32
		{EDC13184-5F7F-4027-8633-D84F500E45E7}.Release|x86.Build.0 = Release|Win32
		{15F52E90-8EB7-44E8-AACF-C60EBE343C0E}.Debug|x64.ActiveCfg = Debug|x64
		{15F52E90-8EB7-44E8-AACF-C60EBE343C0E}.Debug|x64.Build.0 = Debug|x64
		{15F52E90-8EB7-44E8-AACF-C60EBE343C0E}.Debug|x86.ActiveCfg = Debug|Win32
		{15F52E90-8EB7-44E8-AACF-C60EBE343C0E}.Debug|x86.Build.0 = Debug|Win32
		{15F52E90-8EB7-44E8-AACF-C60EBE343C0E}.Release|x64.ActiveCfg = Release|x64
		{15F52E90-8EB7-44E8-AACF-C60EBE343C0E}.Release|x64.Build.0 = Release|x64
		{15F52E90-8EB7-44E8-AACF-C60EBE343C0E}.Release|x86.ActiveCfg = Release|Win32
		{15F52E90-8EB7-44E8-AACF-C60EBE343C0E}.Release|x86.Build.0 = Release|Win32
		{FD1DAA0E-4EB5-4036-8BE1-036093AB2003}.Debug|x64.ActiveCfg = Debug|x64
		{FD1DAA0E-4EB5-4036-8BE1-036093AB2003}.Debug|x64.Build.0 = Debug|x64
		{FD1DAA0E-4EB5-4036-8BE1-036093AB2003}.Debug|x86.ActiveCfg = Debug|Win32
		{FD1DAA0E-4EB5-4036-8BE1-036093AB2003}.Debug|x86.Build.0 = Debug|Win32
		{FD1DAA0E-4EB5-4036-8BE1-036093AB2003}.Release|x64.ActiveCfg = Release|x64
		{FD1DAA0E-4EB5-4036-8BE1-036093AB2003}.Release|x64.Build.0 = Release|x64
		{FD1DAA0E-4EB5-4036-8BE1-036093AB2003}.Release|x86.ActiveCfg = Release|Win32
		{FD1DAA0E-4EB5-4036-8BE1-036093AB2003}.Release|x86.Build.0 = Release|Win32
		{99ECC4C0-A120-476A-9394-AE6C51BFE103}.Debug|x64.ActiveCfg = Debug|x64
		{99ECC4C0-A120-476A-9394-AE6C51BFE103}.Debug|x64.Build.0 = Debug|x64
		{99ECC4C0-A120-476A-9394-AE6C51BFE103}.Debug|x86.ActiveCfg = Debug|Win32
		{99ECC4C0-A120-476A-9394-AE6C51BFE103}.Debug|x86.Build.0 = Debug|Win32
		{99ECC4C0-A120-476A-9394-AE6C51BFE103}.Release|x64.ActiveCfg = Release|x64
		{99ECC4C0-A120-476A-9394-AE6C51BFE103}.Release|x64.Build.0 = Release|x64
		{99ECC4C0-A120-476A-9394-AE6C51BFE103}.Release|x86.ActiveCfg = Release|Win32
		{99ECC4C0-A120-476A-9394-AE6C51BFE103}.Release|x86.Build.0 = Release|Win32
		{2D19F484-8323-4B66-B4CA-1E306000FAFD}.Debug|x64.ActiveCfg = Debug|x64
		{2D19F484-8323-4B66-B4CA-1E306000FAFD}.Debug|x64.Build.0 = Debug|x64
		{2D19F484-8323-4B66-B4CA-1E306000FAFD}.Debug|x86.ActiveCfg = Debug|Win32
		{2D19F484-8323-4B66-B4CA-1E306000FAFD}.Debug|x86.Build.0 = Debug|Win32
		{2D19F484-8323-4B66-B4CA-1E306000FAFD}.Release|x64.ActiveCfg = Release|x64
		{2D19F484-8323-4B66-B4CA-1E306000FAFD}.Release|x64.Build.0 = Release|x64
		{2D19F484-8323-4B66-B4CA-1E306000FAFD}.Release|x86.ActiveCfg = Release|Win32
		{2D19F484-8323-4B66-B4CA-1E306000FAFD}.Release|x86.Build.0 = Release|Win32
		{F542E6A4-81A8-4F4E-ABE0-0631B7BC6021}.Debug|x64.ActiveCfg = Debug|x64
		{F542E6A4-81A8-4F4E-ABE0-0631B7BC6021}.Debug|x64.Build.0 = Debug|x64
		{F542E6A4-81A8-4F4E-ABE0-0631B7BC6021}.Debug|x86.ActiveCfg = Debug|Win32
		{F542E6A4-81A8-4F4E-ABE0-0631B7BC6021}.Debug|x86.Build.0 = Debug|Win32
		{F542E6A4-81A8-4F4E-ABE0-0631B7BC6021}.Release|x64.ActiveCfg = Release|x64
		{F542E6A4-81A8-4F4E-ABE0-0631B7BC6021}.Release|x64.Build.0 = Release|x64
		{F542E6A4-81A8-4F4E-ABE0-0631B7BC6021}.Release|x86.ActiveCfg = Release|Win32
		{F542E6A4-81A8-4F4E-ABE0-0631B7BC6021}.Release|x86.Build.0 = Release|Win32
		{BC12BC1E-D38D-4CBB-83FC-208946E1529D}.Debug|x64.ActiveCfg = Debug|x64
		{BC12BC1E-D38D-4CBB-83FC-208946E1529D}.Debug|x64.Build.0 = Debug|x64
		{BC12BC1E-D38D-4CBB-83FC-208946E1529D}.Debug|x86.ActiveCfg = Debug|Win32
		{BC12BC1E-D38D-4CBB-83FC-208946E1529D}.Debug|x86.Build.0 = Debug|Win32
		{BC12BC1E-D38D-4CBB-83FC-208946E1529D}.Release|x64.ActiveCfg = Release|x64
		{BC12BC1E-D38D-4CBB-83FC-208946E1529D}.Release|x64.Build.0 = Release|x64
		{BC12BC1E-D38D-4CBB-83FC-208946E1529D}.Release|x86.ActiveCfg = Release|Win32
		{BC12BC1E-D38D-4CBB-83FC-208946E1529D}.Release|x86.Build.0 = Release|Win32
	EndGlobalSection
	GlobalSection(SolutionProperties) = preSolution
		HideSolutionNode = FALSE
	EndGlobalSection
	GlobalSection(NestedProjects) = preSolution
		{756FB5DD-006C-4560-B743-01996C2F8B8B} = {81E9F15E-1FBC-4202-83F4-65F809D1A05C}
		{9D421D9B-9022-49FC-BDAA-F49AD8A515B1} = {81E9F15E-1FBC-4202-83F4-65F809D1A05C}
		{DE538D2F-F39A-417B-8794-74D339821AD4} = {81E9F15E-1FBC-4202-83F4-65F809D1A05C}
		{E13B2553-B7B5-41B9-8F11-FD5A037BD6F0} = {81E9F15E-1FBC-4202-83F4-65F809D1A05C}
		{EF970175-7B31-40F2-982A-4F24F59DAF3D} = {81E9F15E-1FBC-4202-83F4-65F809D1A05C}
		{085EAB63-6C0B-4E63-9C84-8CE4549AF28C} = {81E9F15E-1FBC-4202-83F4-65F809D1A05C}
		{F72F5214-CA00-457A-A252-117F8FC1D014} = {81E9F15E-1FBC-4202-83F4-65F809D1A05C}
		{3689D520-0B46-48F0-9594-806B0F6C50C4} = {81E9F15E-1FBC-4202-83F4-65F809D1A05C}
		{A41A7188-2AE2-4B7A-B966-B561F71A807E} = {81E9F15E-1FBC-4202-83F4-65F809D1A05C}
		{4A91FDB3-FAEE-4E18-95E4-E7247080249D} = {81E9F15E-1FBC-4202-83F4-65F809D1A05C}
		{D91F71A9-FCF3-40A7-B168-2FCAFAF61C47} = {81E9F15E-1FBC-4202-83F4-65F809D1A05C}
		{EDF73F4D-0B82-4874-820A-6960746B93D2} = {81E9F15E-1FBC-4202-83F4-65F809D1A05C}
		{7E50F52A-03FD-4641-8FDB-13C5E0FDEB7A} = {81E9F15E-1FBC-4202-83F4-65F809D1A05C}
		{F1C4C48B-BDBD-4FD9-BE39-034170AC0795} = {81E9F15E-1FBC-4202-83F4-65F809D1A05C}
		{BD1F401B-B2C6-46FB-82A4-0637D8EBE472} = {81E9F15E-1FBC-4202-83F4-65F809D1A05C}
		{1BD466E1-9DC0-4815-851A-DB3023519CA7} = {81E9F15E-1FBC-4202-83F4-65F809D1A05C}
		{EDC13184-5F7F-4027-8633-D84F500E45E7} = {81E9F15E-1FBC-4202-83F4-65F809D1A05C}
		{15F52E90-8EB7-44E8-AACF-C60EBE343C0E} = {81E9F15E-1FBC-4202-83F4-65F809D1A05C}
		{FD1DAA0E-4EB5-4036-8BE1-036093AB2003} = {81E9F15E-1FBC-4202-83F4-65F809D1A05C}
		{99ECC4C0-A120-476A-9394-AE6C51BFE103} = {81E9F15E-1FBC-4202-83F4-65F809D1A05C}
		{F542E6A4-81A8-4F4E-ABE0-0631B7BC6021} = {81E9F15E-1FBC-4202-83F4-65F809D1A05C}
		{BC12BC1E-D38D-4CBB-83FC-208946E1529D} = {81E9F15E-1FBC-4202-83F4-65F809D1A05C}
	EndGlobalSection
	GlobalSection(ExtensibilityGlobals) = postSolution
		SolutionGuid = {B929C7D2-778D-4D35-AC0C-3F1B614377BD}
	EndGlobalSection
EndGlobal
