
Microsoft Visual Studio Solution File, Format Version 12.00
# Visual Studio 15
VisualStudioVersion = 15.0.28307.421
MinimumVisualStudioVersion = 10.0.40219.1
Project("{8BC9CEB8-8B4A-11D0-8D11-00A0C91BC942}") = "test", "PAT\PAT.vcxproj", "{CAC2B55B-A2C5-4178-BD0F-A2EA2A4AFBE7}"
EndProject
Project("{2150E333-8FDC-42A3-9474-1A3956D46DE8}") = "甲级", "甲级", "{81E9F15E-1FBC-4202-83F4-65F809D1A05C}"
EndProject
Project("{8BC9CEB8-8B4A-11D0-8D11-00A0C91BC942}") = "1003 Emergency", "1003 Emergency\1003 Emergency.vcxproj", "{756FB5DD-006C-4560-B743-01996C2F8B8B}"
EndProject
Project("{8BC9CEB8-8B4A-11D0-8D11-00A0C91BC942}") = "1030 Travel Plan", "1030 Travel Plan\1030 Travel Plan.vcxproj", "{9D421D9B-9022-49FC-BDAA-F49AD8A515B1}"
EndProject
Project("{8BC9CEB8-8B4A-11D0-8D11-00A0C91BC942}") = "1013 Battle Over Cities", "1013 Battle Over Cities\1013 Battle Over Cities.vcxproj", "{DE538D2F-F39A-417B-8794-74D339821AD4}"
EndProject
Project("{8BC9CEB8-8B4A-11D0-8D11-00A0C91BC942}") = "1021 Deepest Root", "1021 Deepest Root\1021 Deepest Root.vcxproj", "{E13B2553-B7B5-41B9-8F11-FD5A037BD6F0}"
EndProject
Project("{8BC9CEB8-8B4A-11D0-8D11-00A0C91BC942}") = "1034 Head of a Gang", "Project1\Project1.vcxproj", "{EF970175-7B31-40F2-982A-4F24F59DAF3D}"
EndProject
Project("{8BC9CEB8-8B4A-11D0-8D11-00A0C91BC942}") = "1076 Forwards on Weibo", "1076 Forwards on Weibo\1076 Forwards on Weibo.vcxproj", "{085EAB63-6C0B-4E63-9C84-8CE4549AF28C}"
EndProject
Project("{8BC9CEB8-8B4A-11D0-8D11-00A0C91BC942}") = "1018 Public Bike Management", "1018 Public Bike Management\1018 Public Bike Management.vcxproj", "{F72F5214-CA00-457A-A252-117F8FC1D014}"
EndProject
Project("{8BC9CEB8-8B4A-11D0-8D11-00A0C91BC942}") = "1072 Gas Station", "1072 Gas Station\1072 Gas Station.vcxproj", "{3689D520-0B46-48F0-9594-806B0F6C50C4}"
EndProject
Project("{8BC9CEB8-8B4A-11D0-8D11-00A0C91BC942}") = "1087 All Roads Lead to Rome", "1087 All Roads Lead to Rome\1087 All Roads Lead to Rome.vcxproj", "{A41A7188-2AE2-4B7A-B966-B561F71A807E}"
EndProject
Project("{8BC9CEB8-8B4A-11D0-8D11-00A0C91BC942}") = "亚历山大攻打恶魔大陆", "亚历山大攻打恶魔大陆\亚历山大攻打恶魔大陆.vcxproj", "{4A91FDB3-FAEE-4E18-95E4-E7247080249D}"
EndProject
Project("{8BC9CEB8-8B4A-11D0-8D11-00A0C91BC942}") = "1007 Maximum Subsequence Sum", "1007 Maximum Subsequence Sum\1007 Maximum Subsequence Sum.vcxproj", "{D91F71A9-FCF3-40A7-B168-2FCAFAF61C47}"
EndProject
Project("{8BC9CEB8-8B4A-11D0-8D11-00A0C91BC942}") = "1045 Favorite Color Stripe", "1045 Favorite Color Stripe\1045 Favorite Color Stripe.vcxproj", "{EDF73F4D-0B82-4874-820A-6960746B93D2}"
EndProject
Project("{8BC9CEB8-8B4A-11D0-8D11-00A0C91BC942}") = "输出所有出栈序列", "输出所有出栈序列\输出所有出栈序列.vcxproj", "{7E50F52A-03FD-4641-8FDB-13C5E0FDEB7A}"
EndProject
Project("{8BC9CEB8-8B4A-11D0-8D11-00A0C91BC942}") = "1051 Pop Sequence", "1051 Pop Sequence\1051 Pop Sequence.vcxproj", "{F1C4C48B-BDBD-4FD9-BE39-034170AC0795}"
EndProject
Project("{8BC9CEB8-8B4A-11D0-8D11-00A0C91BC942}") = "1040 Longest Symmetric String", "1040 Longest Symmetric String\1040 Longest Symmetric String.vcxproj", "{BD1F401B-B2C6-46FB-82A4-0637D8EBE472}"
EndProject
Project("{8BC9CEB8-8B4A-11D0-8D11-00A0C91BC942}") = "1068 Find More Coins", "1068 Find More Coins\1068 Find More Coins.vcxproj", "{1BD466E1-9DC0-4815-851A-DB3023519CA7}"
EndProject
Project("{8BC9CEB8-8B4A-11D0-8D11-00A0C91BC942}") = "数塔问题", "数塔问题\数塔问题.vcxproj", "{EDC13184-5F7F-4027-8633-D84F500E45E7}"
EndProject
Project("{8BC9CEB8-8B4A-11D0-8D11-00A0C91BC942}") = "最长公共子序列", "最长公共子序列\最长公共子序列.vcxproj", "{15F52E90-8EB7-44E8-AACF-C60EBE343C0E}"
EndProject
Project("{8BC9CEB8-8B4A-11D0-8D11-00A0C91BC942}") = "01 背包问题", "01 背包问题\01 背包问题.vcxproj", "{FD1DAA0E-4EB5-4036-8BE1-036093AB2003}"
EndProject
Project("{8BC9CEB8-8B4A-11D0-8D11-00A0C91BC942}") = "1057 Stack", "1057 Stack\1057 Stack.vcxproj", "{99ECC4C0-A120-476A-9394-AE6C51BFE103}"
EndProject
Project("{8BC9CEB8-8B4A-11D0-8D11-00A0C91BC942}") = "1105 Spiral Matrix", "1105 Spiral Matrix\1105 Spiral Matrix.vcxproj", "{2D19F484-8323-4B66-B4CA-1E306000FAFD}"
EndProject
Project("{8BC9CEB8-8B4A-11D0-8D11-00A0C91BC942}") = "1017 Queueing at Bank", "1017 Queueing at Bank\1017 Queueing at Bank.vcxproj", "{F542E6A4-81A8-4F4E-ABE0-0631B7BC6021}"
EndProject
Project("{8BC9CEB8-8B4A-11D0-8D11-00A0C91BC942}") = "1014 Waiting in Line", "1014 Waiting in Line\1014 Waiting in Line.vcxproj", "{BC12BC1E-D38D-4CBB-83FC-208946E1529D}"
EndProject
Project("{8BC9CEB8-8B4A-11D0-8D11-00A0C91BC942}") = "1026 Table Tennis", "1026 Table Tennis\1026 Table Tennis.vcxproj", "{FA836820-CE28-4985-9350-C33870AD94B2}"
EndProject
Project("{8BC9CEB8-8B4A-11D0-8D11-00A0C91BC942}") = "1023 Have Fun with Numbers", "1023 Have Fun with Numbers\1023 Have Fun with Numbers.vcxproj", "{0737F9AC-8B65-4707-8DF7-ED0F8C8216D1}"
EndProject
Project("{8BC9CEB8-8B4A-11D0-8D11-00A0C91BC942}") = "1024 Palindromic Number", "1024 Palindromic Number\1024 Palindromic Number.vcxproj", "{DFF29752-360D-4D7C-BA5F-DD23026DE5C8}"
EndProject
Project("{8BC9CEB8-8B4A-11D0-8D11-00A0C91BC942}") = "1029 Median", "1029 Median\1029 Median.vcxproj", "{19F13847-C0E3-41EF-87E7-968D6E4C6BC2}"
EndProject
Project("{8BC9CEB8-8B4A-11D0-8D11-00A0C91BC942}") = "1049. Counting Ones", "1049. Counting Ones\1049. Counting Ones.vcxproj", "{5E03859D-F3C9-4CAE-9548-EC4500D4BBFD}"
EndProject
Project("{2150E333-8FDC-42A3-9474-1A3956D46DE8}") = "数据结构与算法题目集", "数据结构与算法题目集", "{16E23971-3B7E-4E6F-A767-3444237F9C18}"
EndProject
Project("{8BC9CEB8-8B4A-11D0-8D11-00A0C91BC942}") = "单链表逆转", "单链表逆转\单链表逆转.vcxproj", "{7241A0DA-4C31-4E77-9E4D-33152A4EAC09}"
EndProject
Project("{8BC9CEB8-8B4A-11D0-8D11-00A0C91BC942}") = "1061 Dating", "1061 Dating\1061 Dating.vcxproj", "{824C3317-B3AE-422A-B78E-70920B72F456}"
EndProject
Project("{8BC9CEB8-8B4A-11D0-8D11-00A0C91BC942}") = "1062 Talent and Virtue", "1062 Talent and Virtue\1062 Talent and Virtue.vcxproj", "{D3D031CA-496E-4147-8434-FF0CB5D2F3F7}"
EndProject
Project("{8BC9CEB8-8B4A-11D0-8D11-00A0C91BC942}") = "1063 Set Similarity", "1063 Set Similarity\1063 Set Similarity.vcxproj", "{867BD239-DD17-47D6-B13F-8415C174F4F0}"
EndProject
Project("{8BC9CEB8-8B4A-11D0-8D11-00A0C91BC942}") = "1069 The Black Hole of Numbers", "1069 The Black Hole of Numbers\1069 The Black Hole of Numbers.vcxproj", "{E251736B-CB77-4D41-9496-D6383789589B}"
EndProject
Project("{8BC9CEB8-8B4A-11D0-8D11-00A0C91BC942}") = "1070 Mooncake", "1070 Mooncake\1070 Mooncake.vcxproj", "{9568715D-5608-406E-90ED-B0E40194A9D8}"
EndProject
Project("{8BC9CEB8-8B4A-11D0-8D11-00A0C91BC942}") = "1073 Scientific Notation", "1073 Scientific Notation\1073 Scientific Notation.vcxproj", "{7D22CDF3-5F5A-43B6-B280-0CA6182AF06A}"
EndProject
Project("{8BC9CEB8-8B4A-11D0-8D11-00A0C91BC942}") = "1078 Hashing", "1078 Hashing\1078 Hashing.vcxproj", "{E91DF94E-AB96-4177-BE04-B94C7987EFC8}"
EndProject
Project("{8BC9CEB8-8B4A-11D0-8D11-00A0C91BC942}") = "1075 PAT Judge", "1075 PAT Judge\1075 PAT Judge.vcxproj", "{6FCFEEA8-CA08-4216-98BB-A605635EC20E}"
EndProject
Project("{8BC9CEB8-8B4A-11D0-8D11-00A0C91BC942}") = "1080 Graduate Admission", "1080 Graduate Admission\1080 Graduate Admission.vcxproj", "{E4FB09DE-B962-4B11-A523-2A23C0FF32B1}"
EndProject
Project("{8BC9CEB8-8B4A-11D0-8D11-00A0C91BC942}") = "1082 Read Number in Chinese", "1082 Read Number in Chinese\1082 Read Number in Chinese.vcxproj", "{6004619D-65D4-4B9D-AC7C-585A30078C0C}"
EndProject
Project("{8BC9CEB8-8B4A-11D0-8D11-00A0C91BC942}") = "1083 List Grades", "1083 List Grades\1083 List Grades.vcxproj", "{9B40156F-8F24-432C-99B0-E759FC7A106C}"
EndProject
Project("{8BC9CEB8-8B4A-11D0-8D11-00A0C91BC942}") = "1084 Broken Keyboard", "1084 Broken Keyboard\1084 Broken Keyboard.vcxproj", "{5BB4BEF2-B496-4E49-9F7F-190FBECDA16A}"
EndProject
Project("{8BC9CEB8-8B4A-11D0-8D11-00A0C91BC942}") = "1085 Perfect Sequence", "1085 Perfect Sequence\1085 Perfect Sequence.vcxproj", "{9547CC51-DCB5-4904-BBBC-DFC37F328EF7}"
EndProject
Project("{8BC9CEB8-8B4A-11D0-8D11-00A0C91BC942}") = "1088 Rational Arithmetic", "1088 Rational Arithmetic\1088 Rational Arithmetic.vcxproj", "{6A45E8E2-8710-44F9-BB3B-30BEDCA150E7}"
EndProject
Project("{8BC9CEB8-8B4A-11D0-8D11-00A0C91BC942}") = "1155 Heap Paths （30 分)", "1155 Heap Paths （30 分)\1155 Heap Paths （30 分).vcxproj", "{4A0E50CD-3688-41A7-A555-64F8C57B2A25}"
EndProject
Project("{8BC9CEB8-8B4A-11D0-8D11-00A0C91BC942}") = "1154 Vertex Coloring", "1154 Vertex Coloring\1154 Vertex Coloring.vcxproj", "{F454A0F5-C1AE-45FB-8868-724590D8CB21}"
EndProject
Project("{8BC9CEB8-8B4A-11D0-8D11-00A0C91BC942}") = "1153 Decode Registration Card of PAT", "1153 Decode Registration Card of PAT\1153 Decode Registration Card of PAT.vcxproj", "{14C891DF-1FC4-42B9-9CFA-3E185B328E7B}"
EndProject
Project("{8BC9CEB8-8B4A-11D0-8D11-00A0C91BC942}") = "1138 Postorder Traversal （25 分)", "1138 Postorder Traversal （25 分)\1138 Postorder Traversal （25 分).vcxproj", "{5148AD41-45CA-43AA-A597-4AAED1D04382}"
EndProject
Project("{8BC9CEB8-8B4A-11D0-8D11-00A0C91BC942}") = "1152 Google Recruitment", "1152 Google Recruitment\1152 Google Recruitment.vcxproj", "{9C64D2D6-DA90-44A7-B2FE-A1030AEB78FE}"
EndProject
Project("{8BC9CEB8-8B4A-11D0-8D11-00A0C91BC942}") = "1151 LCA in a Binary Tree", "1151 LCA in a Binary Tree\1151 LCA in a Binary Tree.vcxproj", "{A36C1615-9E9F-4B92-A5AF-128BDD9C5BD6}"
EndProject
Global
	GlobalSection(SolutionConfigurationPlatforms) = preSolution
		Debug|x64 = Debug|x64
		Debug|x86 = Debug|x86
		Release|x64 = Release|x64
		Release|x86 = Release|x86
	EndGlobalSection
	GlobalSection(ProjectConfigurationPlatforms) = postSolution
		{CAC2B55B-A2C5-4178-BD0F-A2EA2A4AFBE7}.Debug|x64.ActiveCfg = Debug|x64
		{CAC2B55B-A2C5-4178-BD0F-A2EA2A4AFBE7}.Debug|x64.Build.0 = Debug|x64
		{CAC2B55B-A2C5-4178-BD0F-A2EA2A4AFBE7}.Debug|x86.ActiveCfg = Debug|Win32
		{CAC2B55B-A2C5-4178-BD0F-A2EA2A4AFBE7}.Debug|x86.Build.0 = Debug|Win32
		{CAC2B55B-A2C5-4178-BD0F-A2EA2A4AFBE7}.Release|x64.ActiveCfg = Release|x64
		{CAC2B55B-A2C5-4178-BD0F-A2EA2A4AFBE7}.Release|x64.Build.0 = Release|x64
		{CAC2B55B-A2C5-4178-BD0F-A2EA2A4AFBE7}.Release|x86.ActiveCfg = Release|Win32
		{CAC2B55B-A2C5-4178-BD0F-A2EA2A4AFBE7}.Release|x86.Build.0 = Release|Win32
		{756FB5DD-006C-4560-B743-01996C2F8B8B}.Debug|x64.ActiveCfg = Debug|x64
		{756FB5DD-006C-4560-B743-01996C2F8B8B}.Debug|x64.Build.0 = Debug|x64
		{756FB5DD-006C-4560-B743-01996C2F8B8B}.Debug|x86.ActiveCfg = Debug|Win32
		{756FB5DD-006C-4560-B743-01996C2F8B8B}.Debug|x86.Build.0 = Debug|Win32
		{756FB5DD-006C-4560-B743-01996C2F8B8B}.Release|x64.ActiveCfg = Release|x64
		{756FB5DD-006C-4560-B743-01996C2F8B8B}.Release|x64.Build.0 = Release|x64
		{756FB5DD-006C-4560-B743-01996C2F8B8B}.Release|x86.ActiveCfg = Release|Win32
		{756FB5DD-006C-4560-B743-01996C2F8B8B}.Release|x86.Build.0 = Release|Win32
		{9D421D9B-9022-49FC-BDAA-F49AD8A515B1}.Debug|x64.ActiveCfg = Debug|x64
		{9D421D9B-9022-49FC-BDAA-F49AD8A515B1}.Debug|x64.Build.0 = Debug|x64
		{9D421D9B-9022-49FC-BDAA-F49AD8A515B1}.Debug|x86.ActiveCfg = Debug|Win32
		{9D421D9B-9022-49FC-BDAA-F49AD8A515B1}.Debug|x86.Build.0 = Debug|Win32
		{9D421D9B-9022-49FC-BDAA-F49AD8A515B1}.Release|x64.ActiveCfg = Release|x64
		{9D421D9B-9022-49FC-BDAA-F49AD8A515B1}.Release|x64.Build.0 = Release|x64
		{9D421D9B-9022-49FC-BDAA-F49AD8A515B1}.Release|x86.ActiveCfg = Release|Win32
		{9D421D9B-9022-49FC-BDAA-F49AD8A515B1}.Release|x86.Build.0 = Release|Win32
		{DE538D2F-F39A-417B-8794-74D339821AD4}.Debug|x64.ActiveCfg = Debug|x64
		{DE538D2F-F39A-417B-8794-74D339821AD4}.Debug|x64.Build.0 = Debug|x64
		{DE538D2F-F39A-417B-8794-74D339821AD4}.Debug|x86.ActiveCfg = Debug|Win32
		{DE538D2F-F39A-417B-8794-74D339821AD4}.Debug|x86.Build.0 = Debug|Win32
		{DE538D2F-F39A-417B-8794-74D339821AD4}.Release|x64.ActiveCfg = Release|x64
		{DE538D2F-F39A-417B-8794-74D339821AD4}.Release|x64.Build.0 = Release|x64
		{DE538D2F-F39A-417B-8794-74D339821AD4}.Release|x86.ActiveCfg = Release|Win32
		{DE538D2F-F39A-417B-8794-74D339821AD4}.Release|x86.Build.0 = Release|Win32
		{E13B2553-B7B5-41B9-8F11-FD5A037BD6F0}.Debug|x64.ActiveCfg = Debug|x64
		{E13B2553-B7B5-41B9-8F11-FD5A037BD6F0}.Debug|x64.Build.0 = Debug|x64
		{E13B2553-B7B5-41B9-8F11-FD5A037BD6F0}.Debug|x86.ActiveCfg = Debug|Win32
		{E13B2553-B7B5-41B9-8F11-FD5A037BD6F0}.Debug|x86.Build.0 = Debug|Win32
		{E13B2553-B7B5-41B9-8F11-FD5A037BD6F0}.Release|x64.ActiveCfg = Release|x64
		{E13B2553-B7B5-41B9-8F11-FD5A037BD6F0}.Release|x64.Build.0 = Release|x64
		{E13B2553-B7B5-41B9-8F11-FD5A037BD6F0}.Release|x86.ActiveCfg = Release|Win32
		{E13B2553-B7B5-41B9-8F11-FD5A037BD6F0}.Release|x86.Build.0 = Release|Win32
		{EF970175-7B31-40F2-982A-4F24F59DAF3D}.Debug|x64.ActiveCfg = Debug|x64
		{EF970175-7B31-40F2-982A-4F24F59DAF3D}.Debug|x64.Build.0 = Debug|x64
		{EF970175-7B31-40F2-982A-4F24F59DAF3D}.Debug|x86.ActiveCfg = Debug|Win32
		{EF970175-7B31-40F2-982A-4F24F59DAF3D}.Debug|x86.Build.0 = Debug|Win32
		{EF970175-7B31-40F2-982A-4F24F59DAF3D}.Release|x64.ActiveCfg = Release|x64
		{EF970175-7B31-40F2-982A-4F24F59DAF3D}.Release|x64.Build.0 = Release|x64
		{EF970175-7B31-40F2-982A-4F24F59DAF3D}.Release|x86.ActiveCfg = Release|Win32
		{EF970175-7B31-40F2-982A-4F24F59DAF3D}.Release|x86.Build.0 = Release|Win32
		{085EAB63-6C0B-4E63-9C84-8CE4549AF28C}.Debug|x64.ActiveCfg = Debug|x64
		{085EAB63-6C0B-4E63-9C84-8CE4549AF28C}.Debug|x64.Build.0 = Debug|x64
		{085EAB63-6C0B-4E63-9C84-8CE4549AF28C}.Debug|x86.ActiveCfg = Debug|Win32
		{085EAB63-6C0B-4E63-9C84-8CE4549AF28C}.Debug|x86.Build.0 = Debug|Win32
		{085EAB63-6C0B-4E63-9C84-8CE4549AF28C}.Release|x64.ActiveCfg = Release|x64
		{085EAB63-6C0B-4E63-9C84-8CE4549AF28C}.Release|x64.Build.0 = Release|x64
		{085EAB63-6C0B-4E63-9C84-8CE4549AF28C}.Release|x86.ActiveCfg = Release|Win32
		{085EAB63-6C0B-4E63-9C84-8CE4549AF28C}.Release|x86.Build.0 = Release|Win32
		{F72F5214-CA00-457A-A252-117F8FC1D014}.Debug|x64.ActiveCfg = Debug|x64
		{F72F5214-CA00-457A-A252-117F8FC1D014}.Debug|x64.Build.0 = Debug|x64
		{F72F5214-CA00-457A-A252-117F8FC1D014}.Debug|x86.ActiveCfg = Debug|Win32
		{F72F5214-CA00-457A-A252-117F8FC1D014}.Debug|x86.Build.0 = Debug|Win32
		{F72F5214-CA00-457A-A252-117F8FC1D014}.Release|x64.ActiveCfg = Release|x64
		{F72F5214-CA00-457A-A252-117F8FC1D014}.Release|x64.Build.0 = Release|x64
		{F72F5214-CA00-457A-A252-117F8FC1D014}.Release|x86.ActiveCfg = Release|Win32
		{F72F5214-CA00-457A-A252-117F8FC1D014}.Release|x86.Build.0 = Release|Win32
		{3689D520-0B46-48F0-9594-806B0F6C50C4}.Debug|x64.ActiveCfg = Debug|x64
		{3689D520-0B46-48F0-9594-806B0F6C50C4}.Debug|x64.Build.0 = Debug|x64
		{3689D520-0B46-48F0-9594-806B0F6C50C4}.Debug|x86.ActiveCfg = Debug|Win32
		{3689D520-0B46-48F0-9594-806B0F6C50C4}.Debug|x86.Build.0 = Debug|Win32
		{3689D520-0B46-48F0-9594-806B0F6C50C4}.Release|x64.ActiveCfg = Release|x64
		{3689D520-0B46-48F0-9594-806B0F6C50C4}.Release|x64.Build.0 = Release|x64
		{3689D520-0B46-48F0-9594-806B0F6C50C4}.Release|x86.ActiveCfg = Release|Win32
		{3689D520-0B46-48F0-9594-806B0F6C50C4}.Release|x86.Build.0 = Release|Win32
		{A41A7188-2AE2-4B7A-B966-B561F71A807E}.Debug|x64.ActiveCfg = Debug|x64
		{A41A7188-2AE2-4B7A-B966-B561F71A807E}.Debug|x64.Build.0 = Debug|x64
		{A41A7188-2AE2-4B7A-B966-B561F71A807E}.Debug|x86.ActiveCfg = Debug|Win32
		{A41A7188-2AE2-4B7A-B966-B561F71A807E}.Debug|x86.Build.0 = Debug|Win32
		{A41A7188-2AE2-4B7A-B966-B561F71A807E}.Release|x64.ActiveCfg = Release|x64
		{A41A7188-2AE2-4B7A-B966-B561F71A807E}.Release|x64.Build.0 = Release|x64
		{A41A7188-2AE2-4B7A-B966-B561F71A807E}.Release|x86.ActiveCfg = Release|Win32
		{A41A7188-2AE2-4B7A-B966-B561F71A807E}.Release|x86.Build.0 = Release|Win32
		{4A91FDB3-FAEE-4E18-95E4-E7247080249D}.Debug|x64.ActiveCfg = Debug|x64
		{4A91FDB3-FAEE-4E18-95E4-E7247080249D}.Debug|x64.Build.0 = Debug|x64
		{4A91FDB3-FAEE-4E18-95E4-E7247080249D}.Debug|x86.ActiveCfg = Debug|Win32
		{4A91FDB3-FAEE-4E18-95E4-E7247080249D}.Debug|x86.Build.0 = Debug|Win32
		{4A91FDB3-FAEE-4E18-95E4-E7247080249D}.Release|x64.ActiveCfg = Release|x64
		{4A91FDB3-FAEE-4E18-95E4-E7247080249D}.Release|x64.Build.0 = Release|x64
		{4A91FDB3-FAEE-4E18-95E4-E7247080249D}.Release|x86.ActiveCfg = Release|Win32
		{4A91FDB3-FAEE-4E18-95E4-E7247080249D}.Release|x86.Build.0 = Release|Win32
		{D91F71A9-FCF3-40A7-B168-2FCAFAF61C47}.Debug|x64.ActiveCfg = Debug|x64
		{D91F71A9-FCF3-40A7-B168-2FCAFAF61C47}.Debug|x64.Build.0 = Debug|x64
		{D91F71A9-FCF3-40A7-B168-2FCAFAF61C47}.Debug|x86.ActiveCfg = Debug|Win32
		{D91F71A9-FCF3-40A7-B168-2FCAFAF61C47}.Debug|x86.Build.0 = Debug|Win32
		{D91F71A9-FCF3-40A7-B168-2FCAFAF61C47}.Release|x64.ActiveCfg = Release|x64
		{D91F71A9-FCF3-40A7-B168-2FCAFAF61C47}.Release|x64.Build.0 = Release|x64
		{D91F71A9-FCF3-40A7-B168-2FCAFAF61C47}.Release|x86.ActiveCfg = Release|Win32
		{D91F71A9-FCF3-40A7-B168-2FCAFAF61C47}.Release|x86.Build.0 = Release|Win32
		{EDF73F4D-0B82-4874-820A-6960746B93D2}.Debug|x64.ActiveCfg = Debug|x64
		{EDF73F4D-0B82-4874-820A-6960746B93D2}.Debug|x64.Build.0 = Debug|x64
		{EDF73F4D-0B82-4874-820A-6960746B93D2}.Debug|x86.ActiveCfg = Debug|Win32
		{EDF73F4D-0B82-4874-820A-6960746B93D2}.Debug|x86.Build.0 = Debug|Win32
		{EDF73F4D-0B82-4874-820A-6960746B93D2}.Release|x64.ActiveCfg = Release|x64
		{EDF73F4D-0B82-4874-820A-6960746B93D2}.Release|x64.Build.0 = Release|x64
		{EDF73F4D-0B82-4874-820A-6960746B93D2}.Release|x86.ActiveCfg = Release|Win32
		{EDF73F4D-0B82-4874-820A-6960746B93D2}.Release|x86.Build.0 = Release|Win32
		{7E50F52A-03FD-4641-8FDB-13C5E0FDEB7A}.Debug|x64.ActiveCfg = Debug|x64
		{7E50F52A-03FD-4641-8FDB-13C5E0FDEB7A}.Debug|x64.Build.0 = Debug|x64
		{7E50F52A-03FD-4641-8FDB-13C5E0FDEB7A}.Debug|x86.ActiveCfg = Debug|Win32
		{7E50F52A-03FD-4641-8FDB-13C5E0FDEB7A}.Debug|x86.Build.0 = Debug|Win32
		{7E50F52A-03FD-4641-8FDB-13C5E0FDEB7A}.Release|x64.ActiveCfg = Release|x64
		{7E50F52A-03FD-4641-8FDB-13C5E0FDEB7A}.Release|x64.Build.0 = Release|x64
		{7E50F52A-03FD-4641-8FDB-13C5E0FDEB7A}.Release|x86.ActiveCfg = Release|Win32
		{7E50F52A-03FD-4641-8FDB-13C5E0FDEB7A}.Release|x86.Build.0 = Release|Win32
		{F1C4C48B-BDBD-4FD9-BE39-034170AC0795}.Debug|x64.ActiveCfg = Debug|x64
		{F1C4C48B-BDBD-4FD9-BE39-034170AC0795}.Debug|x64.Build.0 = Debug|x64
		{F1C4C48B-BDBD-4FD9-BE39-034170AC0795}.Debug|x86.ActiveCfg = Debug|Win32
		{F1C4C48B-BDBD-4FD9-BE39-034170AC0795}.Debug|x86.Build.0 = Debug|Win32
		{F1C4C48B-BDBD-4FD9-BE39-034170AC0795}.Release|x64.ActiveCfg = Release|x64
		{F1C4C48B-BDBD-4FD9-BE39-034170AC0795}.Release|x64.Build.0 = Release|x64
		{F1C4C48B-BDBD-4FD9-BE39-034170AC0795}.Release|x86.ActiveCfg = Release|Win32
		{F1C4C48B-BDBD-4FD9-BE39-034170AC0795}.Release|x86.Build.0 = Release|Win32
		{BD1F401B-B2C6-46FB-82A4-0637D8EBE472}.Debug|x64.ActiveCfg = Debug|x64
		{BD1F401B-B2C6-46FB-82A4-0637D8EBE472}.Debug|x64.Build.0 = Debug|x64
		{BD1F401B-B2C6-46FB-82A4-0637D8EBE472}.Debug|x86.ActiveCfg = Debug|Win32
		{BD1F401B-B2C6-46FB-82A4-0637D8EBE472}.Debug|x86.Build.0 = Debug|Win32
		{BD1F401B-B2C6-46FB-82A4-0637D8EBE472}.Release|x64.ActiveCfg = Release|x64
		{BD1F401B-B2C6-46FB-82A4-0637D8EBE472}.Release|x64.Build.0 = Release|x64
		{BD1F401B-B2C6-46FB-82A4-0637D8EBE472}.Release|x86.ActiveCfg = Release|Win32
		{BD1F401B-B2C6-46FB-82A4-0637D8EBE472}.Release|x86.Build.0 = Release|Win32
		{1BD466E1-9DC0-4815-851A-DB3023519CA7}.Debug|x64.ActiveCfg = Debug|x64
		{1BD466E1-9DC0-4815-851A-DB3023519CA7}.Debug|x64.Build.0 = Debug|x64
		{1BD466E1-9DC0-4815-851A-DB3023519CA7}.Debug|x86.ActiveCfg = Debug|Win32
		{1BD466E1-9DC0-4815-851A-DB3023519CA7}.Debug|x86.Build.0 = Debug|Win32
		{1BD466E1-9DC0-4815-851A-DB3023519CA7}.Release|x64.ActiveCfg = Release|x64
		{1BD466E1-9DC0-4815-851A-DB3023519CA7}.Release|x64.Build.0 = Release|x64
		{1BD466E1-9DC0-4815-851A-DB3023519CA7}.Release|x86.ActiveCfg = Release|Win32
		{1BD466E1-9DC0-4815-851A-DB3023519CA7}.Release|x86.Build.0 = Release|Win32
		{EDC13184-5F7F-4027-8633-D84F500E45E7}.Debug|x64.ActiveCfg = Debug|x64
		{EDC13184-5F7F-4027-8633-D84F500E45E7}.Debug|x64.Build.0 = Debug|x64
		{EDC13184-5F7F-4027-8633-D84F500E45E7}.Debug|x86.ActiveCfg = Debug|Win32
		{EDC13184-5F7F-4027-8633-D84F500E45E7}.Debug|x86.Build.0 = Debug|Win32
		{EDC13184-5F7F-4027-8633-D84F500E45E7}.Release|x64.ActiveCfg = Release|x64
		{EDC13184-5F7F-4027-8633-D84F500E45E7}.Release|x64.Build.0 = Release|x64
		{EDC13184-5F7F-4027-8633-D84F500E45E7}.Release|x86.ActiveCfg = Release|Win32
		{EDC13184-5F7F-4027-8633-D84F500E45E7}.Release|x86.Build.0 = Release|Win32
		{15F52E90-8EB7-44E8-AACF-C60EBE343C0E}.Debug|x64.ActiveCfg = Debug|x64
		{15F52E90-8EB7-44E8-AACF-C60EBE343C0E}.Debug|x64.Build.0 = Debug|x64
		{15F52E90-8EB7-44E8-AACF-C60EBE343C0E}.Debug|x86.ActiveCfg = Debug|Win32
		{15F52E90-8EB7-44E8-AACF-C60EBE343C0E}.Debug|x86.Build.0 = Debug|Win32
		{15F52E90-8EB7-44E8-AACF-C60EBE343C0E}.Release|x64.ActiveCfg = Release|x64
		{15F52E90-8EB7-44E8-AACF-C60EBE343C0E}.Release|x64.Build.0 = Release|x64
		{15F52E90-8EB7-44E8-AACF-C60EBE343C0E}.Release|x86.ActiveCfg = Release|Win32
		{15F52E90-8EB7-44E8-AACF-C60EBE343C0E}.Release|x86.Build.0 = Release|Win32
		{FD1DAA0E-4EB5-4036-8BE1-036093AB2003}.Debug|x64.ActiveCfg = Debug|x64
		{FD1DAA0E-4EB5-4036-8BE1-036093AB2003}.Debug|x64.Build.0 = Debug|x64
		{FD1DAA0E-4EB5-4036-8BE1-036093AB2003}.Debug|x86.ActiveCfg = Debug|Win32
		{FD1DAA0E-4EB5-4036-8BE1-036093AB2003}.Debug|x86.Build.0 = Debug|Win32
		{FD1DAA0E-4EB5-4036-8BE1-036093AB2003}.Release|x64.ActiveCfg = Release|x64
		{FD1DAA0E-4EB5-4036-8BE1-036093AB2003}.Release|x64.Build.0 = Release|x64
		{FD1DAA0E-4EB5-4036-8BE1-036093AB2003}.Release|x86.ActiveCfg = Release|Win32
		{FD1DAA0E-4EB5-4036-8BE1-036093AB2003}.Release|x86.Build.0 = Release|Win32
		{99ECC4C0-A120-476A-9394-AE6C51BFE103}.Debug|x64.ActiveCfg = Debug|x64
		{99ECC4C0-A120-476A-9394-AE6C51BFE103}.Debug|x64.Build.0 = Debug|x64
		{99ECC4C0-A120-476A-9394-AE6C51BFE103}.Debug|x86.ActiveCfg = Debug|Win32
		{99ECC4C0-A120-476A-9394-AE6C51BFE103}.Debug|x86.Build.0 = Debug|Win32
		{99ECC4C0-A120-476A-9394-AE6C51BFE103}.Release|x64.ActiveCfg = Release|x64
		{99ECC4C0-A120-476A-9394-AE6C51BFE103}.Release|x64.Build.0 = Release|x64
		{99ECC4C0-A120-476A-9394-AE6C51BFE103}.Release|x86.ActiveCfg = Release|Win32
		{99ECC4C0-A120-476A-9394-AE6C51BFE103}.Release|x86.Build.0 = Release|Win32
		{2D19F484-8323-4B66-B4CA-1E306000FAFD}.Debug|x64.ActiveCfg = Debug|x64
		{2D19F484-8323-4B66-B4CA-1E306000FAFD}.Debug|x64.Build.0 = Debug|x64
		{2D19F484-8323-4B66-B4CA-1E306000FAFD}.Debug|x86.ActiveCfg = Debug|Win32
		{2D19F484-8323-4B66-B4CA-1E306000FAFD}.Debug|x86.Build.0 = Debug|Win32
		{2D19F484-8323-4B66-B4CA-1E306000FAFD}.Release|x64.ActiveCfg = Release|x64
		{2D19F484-8323-4B66-B4CA-1E306000FAFD}.Release|x64.Build.0 = Release|x64
		{2D19F484-8323-4B66-B4CA-1E306000FAFD}.Release|x86.ActiveCfg = Release|Win32
		{2D19F484-8323-4B66-B4CA-1E306000FAFD}.Release|x86.Build.0 = Release|Win32
		{F542E6A4-81A8-4F4E-ABE0-0631B7BC6021}.Debug|x64.ActiveCfg = Debug|x64
		{F542E6A4-81A8-4F4E-ABE0-0631B7BC6021}.Debug|x64.Build.0 = Debug|x64
		{F542E6A4-81A8-4F4E-ABE0-0631B7BC6021}.Debug|x86.ActiveCfg = Debug|Win32
		{F542E6A4-81A8-4F4E-ABE0-0631B7BC6021}.Debug|x86.Build.0 = Debug|Win32
		{F542E6A4-81A8-4F4E-ABE0-0631B7BC6021}.Release|x64.ActiveCfg = Release|x64
		{F542E6A4-81A8-4F4E-ABE0-0631B7BC6021}.Release|x64.Build.0 = Release|x64
		{F542E6A4-81A8-4F4E-ABE0-0631B7BC6021}.Release|x86.ActiveCfg = Release|Win32
		{F542E6A4-81A8-4F4E-ABE0-0631B7BC6021}.Release|x86.Build.0 = Release|Win32
		{BC12BC1E-D38D-4CBB-83FC-208946E1529D}.Debug|x64.ActiveCfg = Debug|x64
		{BC12BC1E-D38D-4CBB-83FC-208946E1529D}.Debug|x64.Build.0 = Debug|x64
		{BC12BC1E-D38D-4CBB-83FC-208946E1529D}.Debug|x86.ActiveCfg = Debug|Win32
		{BC12BC1E-D38D-4CBB-83FC-208946E1529D}.Debug|x86.Build.0 = Debug|Win32
		{BC12BC1E-D38D-4CBB-83FC-208946E1529D}.Release|x64.ActiveCfg = Release|x64
		{BC12BC1E-D38D-4CBB-83FC-208946E1529D}.Release|x64.Build.0 = Release|x64
		{BC12BC1E-D38D-4CBB-83FC-208946E1529D}.Release|x86.ActiveCfg = Release|Win32
		{BC12BC1E-D38D-4CBB-83FC-208946E1529D}.Release|x86.Build.0 = Release|Win32
		{FA836820-CE28-4985-9350-C33870AD94B2}.Debug|x64.ActiveCfg = Debug|x64
		{FA836820-CE28-4985-9350-C33870AD94B2}.Debug|x64.Build.0 = Debug|x64
		{FA836820-CE28-4985-9350-C33870AD94B2}.Debug|x86.ActiveCfg = Debug|Win32
		{FA836820-CE28-4985-9350-C33870AD94B2}.Debug|x86.Build.0 = Debug|Win32
		{FA836820-CE28-4985-9350-C33870AD94B2}.Release|x64.ActiveCfg = Release|x64
		{FA836820-CE28-4985-9350-C33870AD94B2}.Release|x64.Build.0 = Release|x64
		{FA836820-CE28-4985-9350-C33870AD94B2}.Release|x86.ActiveCfg = Release|Win32
		{FA836820-CE28-4985-9350-C33870AD94B2}.Release|x86.Build.0 = Release|Win32
		{0737F9AC-8B65-4707-8DF7-ED0F8C8216D1}.Debug|x64.ActiveCfg = Debug|x64
		{0737F9AC-8B65-4707-8DF7-ED0F8C8216D1}.Debug|x64.Build.0 = Debug|x64
		{0737F9AC-8B65-4707-8DF7-ED0F8C8216D1}.Debug|x86.ActiveCfg = Debug|Win32
		{0737F9AC-8B65-4707-8DF7-ED0F8C8216D1}.Debug|x86.Build.0 = Debug|Win32
		{0737F9AC-8B65-4707-8DF7-ED0F8C8216D1}.Release|x64.ActiveCfg = Release|x64
		{0737F9AC-8B65-4707-8DF7-ED0F8C8216D1}.Release|x64.Build.0 = Release|x64
		{0737F9AC-8B65-4707-8DF7-ED0F8C8216D1}.Release|x86.ActiveCfg = Release|Win32
		{0737F9AC-8B65-4707-8DF7-ED0F8C8216D1}.Release|x86.Build.0 = Release|Win32
		{DFF29752-360D-4D7C-BA5F-DD23026DE5C8}.Debug|x64.ActiveCfg = Debug|x64
		{DFF29752-360D-4D7C-BA5F-DD23026DE5C8}.Debug|x64.Build.0 = Debug|x64
		{DFF29752-360D-4D7C-BA5F-DD23026DE5C8}.Debug|x86.ActiveCfg = Debug|Win32
		{DFF29752-360D-4D7C-BA5F-DD23026DE5C8}.Debug|x86.Build.0 = Debug|Win32
		{DFF29752-360D-4D7C-BA5F-DD23026DE5C8}.Release|x64.ActiveCfg = Release|x64
		{DFF29752-360D-4D7C-BA5F-DD23026DE5C8}.Release|x64.Build.0 = Release|x64
		{DFF29752-360D-4D7C-BA5F-DD23026DE5C8}.Release|x86.ActiveCfg = Release|Win32
		{DFF29752-360D-4D7C-BA5F-DD23026DE5C8}.Release|x86.Build.0 = Release|Win32
		{19F13847-C0E3-41EF-87E7-968D6E4C6BC2}.Debug|x64.ActiveCfg = Debug|x64
		{19F13847-C0E3-41EF-87E7-968D6E4C6BC2}.Debug|x64.Build.0 = Debug|x64
		{19F13847-C0E3-41EF-87E7-968D6E4C6BC2}.Debug|x86.ActiveCfg = Debug|Win32
		{19F13847-C0E3-41EF-87E7-968D6E4C6BC2}.Debug|x86.Build.0 = Debug|Win32
		{19F13847-C0E3-41EF-87E7-968D6E4C6BC2}.Release|x64.ActiveCfg = Release|x64
		{19F13847-C0E3-41EF-87E7-968D6E4C6BC2}.Release|x64.Build.0 = Release|x64
		{19F13847-C0E3-41EF-87E7-968D6E4C6BC2}.Release|x86.ActiveCfg = Release|Win32
		{19F13847-C0E3-41EF-87E7-968D6E4C6BC2}.Release|x86.Build.0 = Release|Win32
		{5E03859D-F3C9-4CAE-9548-EC4500D4BBFD}.Debug|x64.ActiveCfg = Debug|x64
		{5E03859D-F3C9-4CAE-9548-EC4500D4BBFD}.Debug|x64.Build.0 = Debug|x64
		{5E03859D-F3C9-4CAE-9548-EC4500D4BBFD}.Debug|x86.ActiveCfg = Debug|Win32
		{5E03859D-F3C9-4CAE-9548-EC4500D4BBFD}.Debug|x86.Build.0 = Debug|Win32
		{5E03859D-F3C9-4CAE-9548-EC4500D4BBFD}.Release|x64.ActiveCfg = Release|x64
		{5E03859D-F3C9-4CAE-9548-EC4500D4BBFD}.Release|x64.Build.0 = Release|x64
		{5E03859D-F3C9-4CAE-9548-EC4500D4BBFD}.Release|x86.ActiveCfg = Release|Win32
		{5E03859D-F3C9-4CAE-9548-EC4500D4BBFD}.Release|x86.Build.0 = Release|Win32
		{7241A0DA-4C31-4E77-9E4D-33152A4EAC09}.Debug|x64.ActiveCfg = Debug|x64
		{7241A0DA-4C31-4E77-9E4D-33152A4EAC09}.Debug|x64.Build.0 = Debug|x64
		{7241A0DA-4C31-4E77-9E4D-33152A4EAC09}.Debug|x86.ActiveCfg = Debug|Win32
		{7241A0DA-4C31-4E77-9E4D-33152A4EAC09}.Debug|x86.Build.0 = Debug|Win32
		{7241A0DA-4C31-4E77-9E4D-33152A4EAC09}.Release|x64.ActiveCfg = Release|x64
		{7241A0DA-4C31-4E77-9E4D-33152A4EAC09}.Release|x64.Build.0 = Release|x64
		{7241A0DA-4C31-4E77-9E4D-33152A4EAC09}.Release|x86.ActiveCfg = Release|Win32
		{7241A0DA-4C31-4E77-9E4D-33152A4EAC09}.Release|x86.Build.0 = Release|Win32
		{824C3317-B3AE-422A-B78E-70920B72F456}.Debug|x64.ActiveCfg = Debug|x64
		{824C3317-B3AE-422A-B78E-70920B72F456}.Debug|x64.Build.0 = Debug|x64
		{824C3317-B3AE-422A-B78E-70920B72F456}.Debug|x86.ActiveCfg = Debug|Win32
		{824C3317-B3AE-422A-B78E-70920B72F456}.Debug|x86.Build.0 = Debug|Win32
		{824C3317-B3AE-422A-B78E-70920B72F456}.Release|x64.ActiveCfg = Release|x64
		{824C3317-B3AE-422A-B78E-70920B72F456}.Release|x64.Build.0 = Release|x64
		{824C3317-B3AE-422A-B78E-70920B72F456}.Release|x86.ActiveCfg = Release|Win32
		{824C3317-B3AE-422A-B78E-70920B72F456}.Release|x86.Build.0 = Release|Win32
		{D3D031CA-496E-4147-8434-FF0CB5D2F3F7}.Debug|x64.ActiveCfg = Debug|x64
		{D3D031CA-496E-4147-8434-FF0CB5D2F3F7}.Debug|x64.Build.0 = Debug|x64
		{D3D031CA-496E-4147-8434-FF0CB5D2F3F7}.Debug|x86.ActiveCfg = Debug|Win32
		{D3D031CA-496E-4147-8434-FF0CB5D2F3F7}.Debug|x86.Build.0 = Debug|Win32
		{D3D031CA-496E-4147-8434-FF0CB5D2F3F7}.Release|x64.ActiveCfg = Release|x64
		{D3D031CA-496E-4147-8434-FF0CB5D2F3F7}.Release|x64.Build.0 = Release|x64
		{D3D031CA-496E-4147-8434-FF0CB5D2F3F7}.Release|x86.ActiveCfg = Release|Win32
		{D3D031CA-496E-4147-8434-FF0CB5D2F3F7}.Release|x86.Build.0 = Release|Win32
		{867BD239-DD17-47D6-B13F-8415C174F4F0}.Debug|x64.ActiveCfg = Debug|x64
		{867BD239-DD17-47D6-B13F-8415C174F4F0}.Debug|x64.Build.0 = Debug|x64
		{867BD239-DD17-47D6-B13F-8415C174F4F0}.Debug|x86.ActiveCfg = Debug|Win32
		{867BD239-DD17-47D6-B13F-8415C174F4F0}.Debug|x86.Build.0 = Debug|Win32
		{867BD239-DD17-47D6-B13F-8415C174F4F0}.Release|x64.ActiveCfg = Release|x64
		{867BD239-DD17-47D6-B13F-8415C174F4F0}.Release|x64.Build.0 = Release|x64
		{867BD239-DD17-47D6-B13F-8415C174F4F0}.Release|x86.ActiveCfg = Release|Win32
		{867BD239-DD17-47D6-B13F-8415C174F4F0}.Release|x86.Build.0 = Release|Win32
		{E251736B-CB77-4D41-9496-D6383789589B}.Debug|x64.ActiveCfg = Debug|x64
		{E251736B-CB77-4D41-9496-D6383789589B}.Debug|x64.Build.0 = Debug|x64
		{E251736B-CB77-4D41-9496-D6383789589B}.Debug|x86.ActiveCfg = Debug|Win32
		{E251736B-CB77-4D41-9496-D6383789589B}.Debug|x86.Build.0 = Debug|Win32
		{E251736B-CB77-4D41-9496-D6383789589B}.Release|x64.ActiveCfg = Release|x64
		{E251736B-CB77-4D41-9496-D6383789589B}.Release|x64.Build.0 = Release|x64
		{E251736B-CB77-4D41-9496-D6383789589B}.Release|x86.ActiveCfg = Release|Win32
		{E251736B-CB77-4D41-9496-D6383789589B}.Release|x86.Build.0 = Release|Win32
		{9568715D-5608-406E-90ED-B0E40194A9D8}.Debug|x64.ActiveCfg = Debug|x64
		{9568715D-5608-406E-90ED-B0E40194A9D8}.Debug|x64.Build.0 = Debug|x64
		{9568715D-5608-406E-90ED-B0E40194A9D8}.Debug|x86.ActiveCfg = Debug|Win32
		{9568715D-5608-406E-90ED-B0E40194A9D8}.Debug|x86.Build.0 = Debug|Win32
		{9568715D-5608-406E-90ED-B0E40194A9D8}.Release|x64.ActiveCfg = Release|x64
		{9568715D-5608-406E-90ED-B0E40194A9D8}.Release|x64.Build.0 = Release|x64
		{9568715D-5608-406E-90ED-B0E40194A9D8}.Release|x86.ActiveCfg = Release|Win32
		{9568715D-5608-406E-90ED-B0E40194A9D8}.Release|x86.Build.0 = Release|Win32
		{7D22CDF3-5F5A-43B6-B280-0CA6182AF06A}.Debug|x64.ActiveCfg = Debug|x64
		{7D22CDF3-5F5A-43B6-B280-0CA6182AF06A}.Debug|x64.Build.0 = Debug|x64
		{7D22CDF3-5F5A-43B6-B280-0CA6182AF06A}.Debug|x86.ActiveCfg = Debug|Win32
		{7D22CDF3-5F5A-43B6-B280-0CA6182AF06A}.Debug|x86.Build.0 = Debug|Win32
		{7D22CDF3-5F5A-43B6-B280-0CA6182AF06A}.Release|x64.ActiveCfg = Release|x64
		{7D22CDF3-5F5A-43B6-B280-0CA6182AF06A}.Release|x64.Build.0 = Release|x64
		{7D22CDF3-5F5A-43B6-B280-0CA6182AF06A}.Release|x86.ActiveCfg = Release|Win32
		{7D22CDF3-5F5A-43B6-B280-0CA6182AF06A}.Release|x86.Build.0 = Release|Win32
		{E91DF94E-AB96-4177-BE04-B94C7987EFC8}.Debug|x64.ActiveCfg = Debug|x64
		{E91DF94E-AB96-4177-BE04-B94C7987EFC8}.Debug|x64.Build.0 = Debug|x64
		{E91DF94E-AB96-4177-BE04-B94C7987EFC8}.Debug|x86.ActiveCfg = Debug|Win32
		{E91DF94E-AB96-4177-BE04-B94C7987EFC8}.Debug|x86.Build.0 = Debug|Win32
		{E91DF94E-AB96-4177-BE04-B94C7987EFC8}.Release|x64.ActiveCfg = Release|x64
		{E91DF94E-AB96-4177-BE04-B94C7987EFC8}.Release|x64.Build.0 = Release|x64
		{E91DF94E-AB96-4177-BE04-B94C7987EFC8}.Release|x86.ActiveCfg = Release|Win32
		{E91DF94E-AB96-4177-BE04-B94C7987EFC8}.Release|x86.Build.0 = Release|Win32
		{6FCFEEA8-CA08-4216-98BB-A605635EC20E}.Debug|x64.ActiveCfg = Debug|x64
		{6FCFEEA8-CA08-4216-98BB-A605635EC20E}.Debug|x64.Build.0 = Debug|x64
		{6FCFEEA8-CA08-4216-98BB-A605635EC20E}.Debug|x86.ActiveCfg = Debug|Win32
		{6FCFEEA8-CA08-4216-98BB-A605635EC20E}.Debug|x86.Build.0 = Debug|Win32
		{6FCFEEA8-CA08-4216-98BB-A605635EC20E}.Release|x64.ActiveCfg = Release|x64
		{6FCFEEA8-CA08-4216-98BB-A605635EC20E}.Release|x64.Build.0 = Release|x64
		{6FCFEEA8-CA08-4216-98BB-A605635EC20E}.Release|x86.ActiveCfg = Release|Win32
		{6FCFEEA8-CA08-4216-98BB-A605635EC20E}.Release|x86.Build.0 = Release|Win32
		{E4FB09DE-B962-4B11-A523-2A23C0FF32B1}.Debug|x64.ActiveCfg = Debug|x64
		{E4FB09DE-B962-4B11-A523-2A23C0FF32B1}.Debug|x64.Build.0 = Debug|x64
		{E4FB09DE-B962-4B11-A523-2A23C0FF32B1}.Debug|x86.ActiveCfg = Debug|Win32
		{E4FB09DE-B962-4B11-A523-2A23C0FF32B1}.Debug|x86.Build.0 = Debug|Win32
		{E4FB09DE-B962-4B11-A523-2A23C0FF32B1}.Release|x64.ActiveCfg = Release|x64
		{E4FB09DE-B962-4B11-A523-2A23C0FF32B1}.Release|x64.Build.0 = Release|x64
		{E4FB09DE-B962-4B11-A523-2A23C0FF32B1}.Release|x86.ActiveCfg = Release|Win32
		{E4FB09DE-B962-4B11-A523-2A23C0FF32B1}.Release|x86.Build.0 = Release|Win32
		{6004619D-65D4-4B9D-AC7C-585A30078C0C}.Debug|x64.ActiveCfg = Debug|x64
		{6004619D-65D4-4B9D-AC7C-585A30078C0C}.Debug|x64.Build.0 = Debug|x64
		{6004619D-65D4-4B9D-AC7C-585A30078C0C}.Debug|x86.ActiveCfg = Debug|Win32
		{6004619D-65D4-4B9D-AC7C-585A30078C0C}.Debug|x86.Build.0 = Debug|Win32
		{6004619D-65D4-4B9D-AC7C-585A30078C0C}.Release|x64.ActiveCfg = Release|x64
		{6004619D-65D4-4B9D-AC7C-585A30078C0C}.Release|x64.Build.0 = Release|x64
		{6004619D-65D4-4B9D-AC7C-585A30078C0C}.Release|x86.ActiveCfg = Release|Win32
		{6004619D-65D4-4B9D-AC7C-585A30078C0C}.Release|x86.Build.0 = Release|Win32
		{9B40156F-8F24-432C-99B0-E759FC7A106C}.Debug|x64.ActiveCfg = Debug|x64
		{9B40156F-8F24-432C-99B0-E759FC7A106C}.Debug|x64.Build.0 = Debug|x64
		{9B40156F-8F24-432C-99B0-E759FC7A106C}.Debug|x86.ActiveCfg = Debug|Win32
		{9B40156F-8F24-432C-99B0-E759FC7A106C}.Debug|x86.Build.0 = Debug|Win32
		{9B40156F-8F24-432C-99B0-E759FC7A106C}.Release|x64.ActiveCfg = Release|x64
		{9B40156F-8F24-432C-99B0-E759FC7A106C}.Release|x64.Build.0 = Release|x64
		{9B40156F-8F24-432C-99B0-E759FC7A106C}.Release|x86.ActiveCfg = Release|Win32
		{9B40156F-8F24-432C-99B0-E759FC7A106C}.Release|x86.Build.0 = Release|Win32
		{5BB4BEF2-B496-4E49-9F7F-190FBECDA16A}.Debug|x64.ActiveCfg = Debug|x64
		{5BB4BEF2-B496-4E49-9F7F-190FBECDA16A}.Debug|x64.Build.0 = Debug|x64
		{5BB4BEF2-B496-4E49-9F7F-190FBECDA16A}.Debug|x86.ActiveCfg = Debug|Win32
		{5BB4BEF2-B496-4E49-9F7F-190FBECDA16A}.Debug|x86.Build.0 = Debug|Win32
		{5BB4BEF2-B496-4E49-9F7F-190FBECDA16A}.Release|x64.ActiveCfg = Release|x64
		{5BB4BEF2-B496-4E49-9F7F-190FBECDA16A}.Release|x64.Build.0 = Release|x64
		{5BB4BEF2-B496-4E49-9F7F-190FBECDA16A}.Release|x86.ActiveCfg = Release|Win32
		{5BB4BEF2-B496-4E49-9F7F-190FBECDA16A}.Release|x86.Build.0 = Release|Win32
		{9547CC51-DCB5-4904-BBBC-DFC37F328EF7}.Debug|x64.ActiveCfg = Debug|x64
		{9547CC51-DCB5-4904-BBBC-DFC37F328EF7}.Debug|x64.Build.0 = Debug|x64
		{9547CC51-DCB5-4904-BBBC-DFC37F328EF7}.Debug|x86.ActiveCfg = Debug|Win32
		{9547CC51-DCB5-4904-BBBC-DFC37F328EF7}.Debug|x86.Build.0 = Debug|Win32
		{9547CC51-DCB5-4904-BBBC-DFC37F328EF7}.Release|x64.ActiveCfg = Release|x64
		{9547CC51-DCB5-4904-BBBC-DFC37F328EF7}.Release|x64.Build.0 = Release|x64
		{9547CC51-DCB5-4904-BBBC-DFC37F328EF7}.Release|x86.ActiveCfg = Release|Win32
		{9547CC51-DCB5-4904-BBBC-DFC37F328EF7}.Release|x86.Build.0 = Release|Win32
		{6A45E8E2-8710-44F9-BB3B-30BEDCA150E7}.Debug|x64.ActiveCfg = Debug|x64
		{6A45E8E2-8710-44F9-BB3B-30BEDCA150E7}.Debug|x64.Build.0 = Debug|x64
		{6A45E8E2-8710-44F9-BB3B-30BEDCA150E7}.Debug|x86.ActiveCfg = Debug|Win32
		{6A45E8E2-8710-44F9-BB3B-30BEDCA150E7}.Debug|x86.Build.0 = Debug|Win32
		{6A45E8E2-8710-44F9-BB3B-30BEDCA150E7}.Release|x64.ActiveCfg = Release|x64
		{6A45E8E2-8710-44F9-BB3B-30BEDCA150E7}.Release|x64.Build.0 = Release|x64
		{6A45E8E2-8710-44F9-BB3B-30BEDCA150E7}.Release|x86.ActiveCfg = Release|Win32
		{6A45E8E2-8710-44F9-BB3B-30BEDCA150E7}.Release|x86.Build.0 = Release|Win32
		{4A0E50CD-3688-41A7-A555-64F8C57B2A25}.Debug|x64.ActiveCfg = Debug|x64
		{4A0E50CD-3688-41A7-A555-64F8C57B2A25}.Debug|x64.Build.0 = Debug|x64
		{4A0E50CD-3688-41A7-A555-64F8C57B2A25}.Debug|x86.ActiveCfg = Debug|Win32
		{4A0E50CD-3688-41A7-A555-64F8C57B2A25}.Debug|x86.Build.0 = Debug|Win32
		{4A0E50CD-3688-41A7-A555-64F8C57B2A25}.Release|x64.ActiveCfg = Release|x64
		{4A0E50CD-3688-41A7-A555-64F8C57B2A25}.Release|x64.Build.0 = Release|x64
		{4A0E50CD-3688-41A7-A555-64F8C57B2A25}.Release|x86.ActiveCfg = Release|Win32
		{4A0E50CD-3688-41A7-A555-64F8C57B2A25}.Release|x86.Build.0 = Release|Win32
		{F454A0F5-C1AE-45FB-8868-724590D8CB21}.Debug|x64.ActiveCfg = Debug|x64
		{F454A0F5-C1AE-45FB-8868-724590D8CB21}.Debug|x64.Build.0 = Debug|x64
		{F454A0F5-C1AE-45FB-8868-724590D8CB21}.Debug|x86.ActiveCfg = Debug|Win32
		{F454A0F5-C1AE-45FB-8868-724590D8CB21}.Debug|x86.Build.0 = Debug|Win32
		{F454A0F5-C1AE-45FB-8868-724590D8CB21}.Release|x64.ActiveCfg = Release|x64
		{F454A0F5-C1AE-45FB-8868-724590D8CB21}.Release|x64.Build.0 = Release|x64
		{F454A0F5-C1AE-45FB-8868-724590D8CB21}.Release|x86.ActiveCfg = Release|Win32
		{F454A0F5-C1AE-45FB-8868-724590D8CB21}.Release|x86.Build.0 = Release|Win32
		{14C891DF-1FC4-42B9-9CFA-3E185B328E7B}.Debug|x64.ActiveCfg = Debug|x64
		{14C891DF-1FC4-42B9-9CFA-3E185B328E7B}.Debug|x64.Build.0 = Debug|x64
		{14C891DF-1FC4-42B9-9CFA-3E185B328E7B}.Debug|x86.ActiveCfg = Debug|Win32
		{14C891DF-1FC4-42B9-9CFA-3E185B328E7B}.Debug|x86.Build.0 = Debug|Win32
		{14C891DF-1FC4-42B9-9CFA-3E185B328E7B}.Release|x64.ActiveCfg = Release|x64
		{14C891DF-1FC4-42B9-9CFA-3E185B328E7B}.Release|x64.Build.0 = Release|x64
		{14C891DF-1FC4-42B9-9CFA-3E185B328E7B}.Release|x86.ActiveCfg = Release|Win32
		{14C891DF-1FC4-42B9-9CFA-3E185B328E7B}.Release|x86.Build.0 = Release|Win32
		{5148AD41-45CA-43AA-A597-4AAED1D04382}.Debug|x64.ActiveCfg = Debug|x64
		{5148AD41-45CA-43AA-A597-4AAED1D04382}.Debug|x64.Build.0 = Debug|x64
		{5148AD41-45CA-43AA-A597-4AAED1D04382}.Debug|x86.ActiveCfg = Debug|Win32
		{5148AD41-45CA-43AA-A597-4AAED1D04382}.Debug|x86.Build.0 = Debug|Win32
		{5148AD41-45CA-43AA-A597-4AAED1D04382}.Release|x64.ActiveCfg = Release|x64
		{5148AD41-45CA-43AA-A597-4AAED1D04382}.Release|x64.Build.0 = Release|x64
		{5148AD41-45CA-43AA-A597-4AAED1D04382}.Release|x86.ActiveCfg = Release|Win32
		{5148AD41-45CA-43AA-A597-4AAED1D04382}.Release|x86.Build.0 = Release|Win32
		{9C64D2D6-DA90-44A7-B2FE-A1030AEB78FE}.Debug|x64.ActiveCfg = Debug|x64
		{9C64D2D6-DA90-44A7-B2FE-A1030AEB78FE}.Debug|x64.Build.0 = Debug|x64
		{9C64D2D6-DA90-44A7-B2FE-A1030AEB78FE}.Debug|x86.ActiveCfg = Debug|Win32
		{9C64D2D6-DA90-44A7-B2FE-A1030AEB78FE}.Debug|x86.Build.0 = Debug|Win32
		{9C64D2D6-DA90-44A7-B2FE-A1030AEB78FE}.Release|x64.ActiveCfg = Release|x64
		{9C64D2D6-DA90-44A7-B2FE-A1030AEB78FE}.Release|x64.Build.0 = Release|x64
		{9C64D2D6-DA90-44A7-B2FE-A1030AEB78FE}.Release|x86.ActiveCfg = Release|Win32
		{9C64D2D6-DA90-44A7-B2FE-A1030AEB78FE}.Release|x86.Build.0 = Release|Win32
		{A36C1615-9E9F-4B92-A5AF-128BDD9C5BD6}.Debug|x64.ActiveCfg = Debug|x64
		{A36C1615-9E9F-4B92-A5AF-128BDD9C5BD6}.Debug|x64.Build.0 = Debug|x64
		{A36C1615-9E9F-4B92-A5AF-128BDD9C5BD6}.Debug|x86.ActiveCfg = Debug|Win32
		{A36C1615-9E9F-4B92-A5AF-128BDD9C5BD6}.Debug|x86.Build.0 = Debug|Win32
		{A36C1615-9E9F-4B92-A5AF-128BDD9C5BD6}.Release|x64.ActiveCfg = Release|x64
		{A36C1615-9E9F-4B92-A5AF-128BDD9C5BD6}.Release|x64.Build.0 = Release|x64
		{A36C1615-9E9F-4B92-A5AF-128BDD9C5BD6}.Release|x86.ActiveCfg = Release|Win32
		{A36C1615-9E9F-4B92-A5AF-128BDD9C5BD6}.Release|x86.Build.0 = Release|Win32
	EndGlobalSection
	GlobalSection(SolutionProperties) = preSolution
		HideSolutionNode = FALSE
	EndGlobalSection
	GlobalSection(NestedProjects) = preSolution
		{756FB5DD-006C-4560-B743-01996C2F8B8B} = {81E9F15E-1FBC-4202-83F4-65F809D1A05C}
		{9D421D9B-9022-49FC-BDAA-F49AD8A515B1} = {81E9F15E-1FBC-4202-83F4-65F809D1A05C}
		{DE538D2F-F39A-417B-8794-74D339821AD4} = {81E9F15E-1FBC-4202-83F4-65F809D1A05C}
		{E13B2553-B7B5-41B9-8F11-FD5A037BD6F0} = {81E9F15E-1FBC-4202-83F4-65F809D1A05C}
		{EF970175-7B31-40F2-982A-4F24F59DAF3D} = {81E9F15E-1FBC-4202-83F4-65F809D1A05C}
		{085EAB63-6C0B-4E63-9C84-8CE4549AF28C} = {81E9F15E-1FBC-4202-83F4-65F809D1A05C}
		{F72F5214-CA00-457A-A252-117F8FC1D014} = {81E9F15E-1FBC-4202-83F4-65F809D1A05C}
		{3689D520-0B46-48F0-9594-806B0F6C50C4} = {81E9F15E-1FBC-4202-83F4-65F809D1A05C}
		{A41A7188-2AE2-4B7A-B966-B561F71A807E} = {81E9F15E-1FBC-4202-83F4-65F809D1A05C}
		{4A91FDB3-FAEE-4E18-95E4-E7247080249D} = {81E9F15E-1FBC-4202-83F4-65F809D1A05C}
		{D91F71A9-FCF3-40A7-B168-2FCAFAF61C47} = {81E9F15E-1FBC-4202-83F4-65F809D1A05C}
		{EDF73F4D-0B82-4874-820A-6960746B93D2} = {81E9F15E-1FBC-4202-83F4-65F809D1A05C}
		{7E50F52A-03FD-4641-8FDB-13C5E0FDEB7A} = {81E9F15E-1FBC-4202-83F4-65F809D1A05C}
		{F1C4C48B-BDBD-4FD9-BE39-034170AC0795} = {81E9F15E-1FBC-4202-83F4-65F809D1A05C}
		{BD1F401B-B2C6-46FB-82A4-0637D8EBE472} = {81E9F15E-1FBC-4202-83F4-65F809D1A05C}
		{1BD466E1-9DC0-4815-851A-DB3023519CA7} = {81E9F15E-1FBC-4202-83F4-65F809D1A05C}
		{EDC13184-5F7F-4027-8633-D84F500E45E7} = {81E9F15E-1FBC-4202-83F4-65F809D1A05C}
		{15F52E90-8EB7-44E8-AACF-C60EBE343C0E} = {81E9F15E-1FBC-4202-83F4-65F809D1A05C}
		{FD1DAA0E-4EB5-4036-8BE1-036093AB2003} = {81E9F15E-1FBC-4202-83F4-65F809D1A05C}
		{99ECC4C0-A120-476A-9394-AE6C51BFE103} = {81E9F15E-1FBC-4202-83F4-65F809D1A05C}
		{2D19F484-8323-4B66-B4CA-1E306000FAFD} = {81E9F15E-1FBC-4202-83F4-65F809D1A05C}
		{F542E6A4-81A8-4F4E-ABE0-0631B7BC6021} = {81E9F15E-1FBC-4202-83F4-65F809D1A05C}
		{BC12BC1E-D38D-4CBB-83FC-208946E1529D} = {81E9F15E-1FBC-4202-83F4-65F809D1A05C}
		{FA836820-CE28-4985-9350-C33870AD94B2} = {81E9F15E-1FBC-4202-83F4-65F809D1A05C}
		{0737F9AC-8B65-4707-8DF7-ED0F8C8216D1} = {81E9F15E-1FBC-4202-83F4-65F809D1A05C}
		{DFF29752-360D-4D7C-BA5F-DD23026DE5C8} = {81E9F15E-1FBC-4202-83F4-65F809D1A05C}
		{19F13847-C0E3-41EF-87E7-968D6E4C6BC2} = {81E9F15E-1FBC-4202-83F4-65F809D1A05C}
		{5E03859D-F3C9-4CAE-9548-EC4500D4BBFD} = {81E9F15E-1FBC-4202-83F4-65F809D1A05C}
		{7241A0DA-4C31-4E77-9E4D-33152A4EAC09} = {16E23971-3B7E-4E6F-A767-3444237F9C18}
		{824C3317-B3AE-422A-B78E-70920B72F456} = {81E9F15E-1FBC-4202-83F4-65F809D1A05C}
		{D3D031CA-496E-4147-8434-FF0CB5D2F3F7} = {81E9F15E-1FBC-4202-83F4-65F809D1A05C}
		{867BD239-DD17-47D6-B13F-8415C174F4F0} = {81E9F15E-1FBC-4202-83F4-65F809D1A05C}
		{E251736B-CB77-4D41-9496-D6383789589B} = {81E9F15E-1FBC-4202-83F4-65F809D1A05C}
		{9568715D-5608-406E-90ED-B0E40194A9D8} = {81E9F15E-1FBC-4202-83F4-65F809D1A05C}
		{7D22CDF3-5F5A-43B6-B280-0CA6182AF06A} = {81E9F15E-1FBC-4202-83F4-65F809D1A05C}
		{E91DF94E-AB96-4177-BE04-B94C7987EFC8} = {81E9F15E-1FBC-4202-83F4-65F809D1A05C}
		{6FCFEEA8-CA08-4216-98BB-A605635EC20E} = {81E9F15E-1FBC-4202-83F4-65F809D1A05C}
		{E4FB09DE-B962-4B11-A523-2A23C0FF32B1} = {81E9F15E-1FBC-4202-83F4-65F809D1A05C}
		{6004619D-65D4-4B9D-AC7C-585A30078C0C} = {81E9F15E-1FBC-4202-83F4-65F809D1A05C}
		{9B40156F-8F24-432C-99B0-E759FC7A106C} = {81E9F15E-1FBC-4202-83F4-65F809D1A05C}
		{5BB4BEF2-B496-4E49-9F7F-190FBECDA16A} = {81E9F15E-1FBC-4202-83F4-65F809D1A05C}
		{9547CC51-DCB5-4904-BBBC-DFC37F328EF7} = {81E9F15E-1FBC-4202-83F4-65F809D1A05C}
		{6A45E8E2-8710-44F9-BB3B-30BEDCA150E7} = {81E9F15E-1FBC-4202-83F4-65F809D1A05C}
		{4A0E50CD-3688-41A7-A555-64F8C57B2A25} = {81E9F15E-1FBC-4202-83F4-65F809D1A05C}
		{F454A0F5-C1AE-45FB-8868-724590D8CB21} = {81E9F15E-1FBC-4202-83F4-65F809D1A05C}
		{14C891DF-1FC4-42B9-9CFA-3E185B328E7B} = {81E9F15E-1FBC-4202-83F4-65F809D1A05C}
		{5148AD41-45CA-43AA-A597-4AAED1D04382} = {81E9F15E-1FBC-4202-83F4-65F809D1A05C}
		{9C64D2D6-DA90-44A7-B2FE-A1030AEB78FE} = {81E9F15E-1FBC-4202-83F4-65F809D1A05C}
		{A36C1615-9E9F-4B92-A5AF-128BDD9C5BD6} = {81E9F15E-1FBC-4202-83F4-65F809D1A05C}
	EndGlobalSection
	GlobalSection(ExtensibilityGlobals) = postSolution
		SolutionGuid = {B929C7D2-778D-4D35-AC0C-3F1B614377BD}
	EndGlobalSection
EndGlobal
